// !$*UTF8*$!
{
	archiveVersion = 1;
	classes = {
	};
	objectVersion = 56;
	objects = {

/* Begin PBXBuildFile section */
		299A91242AF6AD6C00D9C2D1 /* LookSmellTasteApp.swift in Sources */ = {isa = PBXBuildFile; fileRef = 299A91232AF6AD6C00D9C2D1 /* LookSmellTasteApp.swift */; };
		299A91262AF6AD6C00D9C2D1 /* ContentView.swift in Sources */ = {isa = PBXBuildFile; fileRef = 299A91252AF6AD6C00D9C2D1 /* ContentView.swift */; };
		299A91282AF6AD6D00D9C2D1 /* Asset.xcassets in Resources */ = {isa = PBXBuildFile; fileRef = 299A91272AF6AD6D00D9C2D1 /* Asset.xcassets */; };
		299A912B2AF6AD6D00D9C2D1 /* Preview Assets.xcassets in Resources */ = {isa = PBXBuildFile; fileRef = 299A912A2AF6AD6D00D9C2D1 /* Preview Assets.xcassets */; };
		299A91322AF6B1FF00D9C2D1 /* NoteView.swift in Sources */ = {isa = PBXBuildFile; fileRef = 299A91312AF6B1FF00D9C2D1 /* NoteView.swift */; };
		299A91342AF6B21A00D9C2D1 /* ShareView.swift in Sources */ = {isa = PBXBuildFile; fileRef = 299A91332AF6B21A00D9C2D1 /* ShareView.swift */; };
		299A913A2AF6C00400D9C2D1 /* TossFaceFontMac.ttf in Resources */ = {isa = PBXBuildFile; fileRef = 299A91392AF6C00400D9C2D1 /* TossFaceFontMac.ttf */; };
		299A913E2AF6C03800D9C2D1 /* GmarketSansTTFLight.ttf in Resources */ = {isa = PBXBuildFile; fileRef = 299A913B2AF6C03800D9C2D1 /* GmarketSansTTFLight.ttf */; };
		299A913F2AF6C03800D9C2D1 /* GmarketSansTTFBold.ttf in Resources */ = {isa = PBXBuildFile; fileRef = 299A913C2AF6C03800D9C2D1 /* GmarketSansTTFBold.ttf */; };
		299A91402AF6C03800D9C2D1 /* GmarketSansTTFMedium.ttf in Resources */ = {isa = PBXBuildFile; fileRef = 299A913D2AF6C03800D9C2D1 /* GmarketSansTTFMedium.ttf */; };
		299A91432AF6C20300D9C2D1 /* FontExtension.swift in Sources */ = {isa = PBXBuildFile; fileRef = 299A91422AF6C20300D9C2D1 /* FontExtension.swift */; };
		299A914B2AF6C85A00D9C2D1 /* TabBar.swift in Sources */ = {isa = PBXBuildFile; fileRef = 299A914A2AF6C85A00D9C2D1 /* TabBar.swift */; };
		299A914D2AF6CBD600D9C2D1 /* MainTabView.swift in Sources */ = {isa = PBXBuildFile; fileRef = 299A914C2AF6CBD600D9C2D1 /* MainTabView.swift */; };
		299A914F2AF6DEC000D9C2D1 /* NavigationBar.swift in Sources */ = {isa = PBXBuildFile; fileRef = 299A914E2AF6DEC000D9C2D1 /* NavigationBar.swift */; };
		299A91512AF6E2F100D9C2D1 /* PreferenceKey.swift in Sources */ = {isa = PBXBuildFile; fileRef = 299A91502AF6E2F100D9C2D1 /* PreferenceKey.swift */; };
		299A91532AF71E9A00D9C2D1 /* ViewExtension.swift in Sources */ = {isa = PBXBuildFile; fileRef = 299A91522AF71E9A00D9C2D1 /* ViewExtension.swift */; };
		299A91592AF744BB00D9C2D1 /* Color.xcassets in Resources */ = {isa = PBXBuildFile; fileRef = 299A91582AF744BB00D9C2D1 /* Color.xcassets */; };
		299A915B2AF7451D00D9C2D1 /* Image.xcassets in Resources */ = {isa = PBXBuildFile; fileRef = 299A915A2AF7451D00D9C2D1 /* Image.xcassets */; };
		299A915E2AF74C6F00D9C2D1 /* AddNoteView.swift in Sources */ = {isa = PBXBuildFile; fileRef = 299A915D2AF74C6F00D9C2D1 /* AddNoteView.swift */; };
		299A91622AF757F000D9C2D1 /* NextButton.swift in Sources */ = {isa = PBXBuildFile; fileRef = 299A91612AF757F000D9C2D1 /* NextButton.swift */; };
		299A91682AF7B93000D9C2D1 /* CloseButton.swift in Sources */ = {isa = PBXBuildFile; fileRef = 299A91672AF7B93000D9C2D1 /* CloseButton.swift */; };
		299A916A2AF7BBF800D9C2D1 /* CloseAlert.swift in Sources */ = {isa = PBXBuildFile; fileRef = 299A91692AF7BBF800D9C2D1 /* CloseAlert.swift */; };
/* End PBXBuildFile section */

/* Begin PBXFileReference section */
		299A91202AF6AD6C00D9C2D1 /* LookSmellTaste.app */ = {isa = PBXFileReference; explicitFileType = wrapper.application; includeInIndex = 0; path = LookSmellTaste.app; sourceTree = BUILT_PRODUCTS_DIR; };
		299A91232AF6AD6C00D9C2D1 /* LookSmellTasteApp.swift */ = {isa = PBXFileReference; lastKnownFileType = sourcecode.swift; path = LookSmellTasteApp.swift; sourceTree = "<group>"; };
		299A91252AF6AD6C00D9C2D1 /* ContentView.swift */ = {isa = PBXFileReference; lastKnownFileType = sourcecode.swift; path = ContentView.swift; sourceTree = "<group>"; };
		299A91272AF6AD6D00D9C2D1 /* Asset.xcassets */ = {isa = PBXFileReference; lastKnownFileType = folder.assetcatalog; path = Asset.xcassets; sourceTree = "<group>"; };
		299A912A2AF6AD6D00D9C2D1 /* Preview Assets.xcassets */ = {isa = PBXFileReference; lastKnownFileType = folder.assetcatalog; path = "Preview Assets.xcassets"; sourceTree = "<group>"; };
		299A91312AF6B1FF00D9C2D1 /* NoteView.swift */ = {isa = PBXFileReference; lastKnownFileType = sourcecode.swift; path = NoteView.swift; sourceTree = "<group>"; };
		299A91332AF6B21A00D9C2D1 /* ShareView.swift */ = {isa = PBXFileReference; lastKnownFileType = sourcecode.swift; path = ShareView.swift; sourceTree = "<group>"; };
		299A91392AF6C00400D9C2D1 /* TossFaceFontMac.ttf */ = {isa = PBXFileReference; lastKnownFileType = file; path = TossFaceFontMac.ttf; sourceTree = "<group>"; };
		299A913B2AF6C03800D9C2D1 /* GmarketSansTTFLight.ttf */ = {isa = PBXFileReference; lastKnownFileType = file; path = GmarketSansTTFLight.ttf; sourceTree = "<group>"; };
		299A913C2AF6C03800D9C2D1 /* GmarketSansTTFBold.ttf */ = {isa = PBXFileReference; lastKnownFileType = file; path = GmarketSansTTFBold.ttf; sourceTree = "<group>"; };
		299A913D2AF6C03800D9C2D1 /* GmarketSansTTFMedium.ttf */ = {isa = PBXFileReference; lastKnownFileType = file; path = GmarketSansTTFMedium.ttf; sourceTree = "<group>"; };
		299A91412AF6C07900D9C2D1 /* Info.plist */ = {isa = PBXFileReference; lastKnownFileType = text.plist; path = Info.plist; sourceTree = "<group>"; };
		299A91422AF6C20300D9C2D1 /* FontExtension.swift */ = {isa = PBXFileReference; lastKnownFileType = sourcecode.swift; path = FontExtension.swift; sourceTree = "<group>"; };
		299A914A2AF6C85A00D9C2D1 /* TabBar.swift */ = {isa = PBXFileReference; lastKnownFileType = sourcecode.swift; path = TabBar.swift; sourceTree = "<group>"; };
		299A914C2AF6CBD600D9C2D1 /* MainTabView.swift */ = {isa = PBXFileReference; lastKnownFileType = sourcecode.swift; path = MainTabView.swift; sourceTree = "<group>"; };
		299A914E2AF6DEC000D9C2D1 /* NavigationBar.swift */ = {isa = PBXFileReference; lastKnownFileType = sourcecode.swift; path = NavigationBar.swift; sourceTree = "<group>"; };
		299A91502AF6E2F100D9C2D1 /* PreferenceKey.swift */ = {isa = PBXFileReference; lastKnownFileType = sourcecode.swift; path = PreferenceKey.swift; sourceTree = "<group>"; };
		299A91522AF71E9A00D9C2D1 /* ViewExtension.swift */ = {isa = PBXFileReference; lastKnownFileType = sourcecode.swift; path = ViewExtension.swift; sourceTree = "<group>"; };
		299A91582AF744BB00D9C2D1 /* Color.xcassets */ = {isa = PBXFileReference; lastKnownFileType = folder.assetcatalog; path = Color.xcassets; sourceTree = "<group>"; };
		299A915A2AF7451D00D9C2D1 /* Image.xcassets */ = {isa = PBXFileReference; lastKnownFileType = folder.assetcatalog; path = Image.xcassets; sourceTree = "<group>"; };
		299A915D2AF74C6F00D9C2D1 /* AddNoteView.swift */ = {isa = PBXFileReference; lastKnownFileType = sourcecode.swift; path = AddNoteView.swift; sourceTree = "<group>"; };
		299A91612AF757F000D9C2D1 /* NextButton.swift */ = {isa = PBXFileReference; lastKnownFileType = sourcecode.swift; path = NextButton.swift; sourceTree = "<group>"; };
		299A91672AF7B93000D9C2D1 /* CloseButton.swift */ = {isa = PBXFileReference; lastKnownFileType = sourcecode.swift; path = CloseButton.swift; sourceTree = "<group>"; };
		299A91692AF7BBF800D9C2D1 /* CloseAlert.swift */ = {isa = PBXFileReference; lastKnownFileType = sourcecode.swift; path = CloseAlert.swift; sourceTree = "<group>"; };
/* End PBXFileReference section */

/* Begin PBXFrameworksBuildPhase section */
		299A911D2AF6AD6C00D9C2D1 /* Frameworks */ = {
			isa = PBXFrameworksBuildPhase;
			buildActionMask = 2147483647;
			files = (
			);
			runOnlyForDeploymentPostprocessing = 0;
		};
/* End PBXFrameworksBuildPhase section */

/* Begin PBXGroup section */
		299A91172AF6AD6C00D9C2D1 = {
			isa = PBXGroup;
			children = (
				299A91222AF6AD6C00D9C2D1 /* LookSmellTaste */,
				299A91212AF6AD6C00D9C2D1 /* Products */,
			);
			sourceTree = "<group>";
		};
		299A91212AF6AD6C00D9C2D1 /* Products */ = {
			isa = PBXGroup;
			children = (
				299A91202AF6AD6C00D9C2D1 /* LookSmellTaste.app */,
			);
			name = Products;
			sourceTree = "<group>";
		};
		299A91222AF6AD6C00D9C2D1 /* LookSmellTaste */ = {
			isa = PBXGroup;
			children = (
				299A91412AF6C07900D9C2D1 /* Info.plist */,
				299A91362AF6BFAB00D9C2D1 /* Source */,
				299A91372AF6BFD900D9C2D1 /* Resource */,
				299A91292AF6AD6D00D9C2D1 /* Preview Content */,
			);
			path = LookSmellTaste;
			sourceTree = "<group>";
		};
		299A91292AF6AD6D00D9C2D1 /* Preview Content */ = {
			isa = PBXGroup;
			children = (
				299A912A2AF6AD6D00D9C2D1 /* Preview Assets.xcassets */,
			);
			path = "Preview Content";
			sourceTree = "<group>";
		};
		299A91352AF6B2BE00D9C2D1 /* View */ = {
			isa = PBXGroup;
			children = (
				299A914C2AF6CBD600D9C2D1 /* MainTabView.swift */,
				299A91542AF7217300D9C2D1 /* Note */,
				299A91552AF7217E00D9C2D1 /* Share */,
				299A91492AF6C84100D9C2D1 /* Component */,
			);
			path = View;
			sourceTree = "<group>";
		};
		299A91362AF6BFAB00D9C2D1 /* Source */ = {
			isa = PBXGroup;
			children = (
				299A91232AF6AD6C00D9C2D1 /* LookSmellTasteApp.swift */,
				299A91252AF6AD6C00D9C2D1 /* ContentView.swift */,
				299A91352AF6B2BE00D9C2D1 /* View */,
				299A91442AF6C20B00D9C2D1 /* Utility */,
			);
			path = Source;
			sourceTree = "<group>";
		};
		299A91372AF6BFD900D9C2D1 /* Resource */ = {
			isa = PBXGroup;
			children = (
				299A91382AF6BFED00D9C2D1 /* Font */,
				299A91272AF6AD6D00D9C2D1 /* Asset.xcassets */,
				299A91582AF744BB00D9C2D1 /* Color.xcassets */,
				299A915A2AF7451D00D9C2D1 /* Image.xcassets */,
			);
			path = Resource;
			sourceTree = "<group>";
		};
		299A91382AF6BFED00D9C2D1 /* Font */ = {
			isa = PBXGroup;
			children = (
				299A913C2AF6C03800D9C2D1 /* GmarketSansTTFBold.ttf */,
				299A913B2AF6C03800D9C2D1 /* GmarketSansTTFLight.ttf */,
				299A913D2AF6C03800D9C2D1 /* GmarketSansTTFMedium.ttf */,
				299A91392AF6C00400D9C2D1 /* TossFaceFontMac.ttf */,
			);
			path = Font;
			sourceTree = "<group>";
		};
		299A91442AF6C20B00D9C2D1 /* Utility */ = {
			isa = PBXGroup;
			children = (
				299A91452AF6C21A00D9C2D1 /* Extension */,
				299A91502AF6E2F100D9C2D1 /* PreferenceKey.swift */,
			);
			path = Utility;
			sourceTree = "<group>";
		};
		299A91452AF6C21A00D9C2D1 /* Extension */ = {
			isa = PBXGroup;
			children = (
				299A91422AF6C20300D9C2D1 /* FontExtension.swift */,
				299A91522AF71E9A00D9C2D1 /* ViewExtension.swift */,
			);
			path = Extension;
			sourceTree = "<group>";
		};
		299A91492AF6C84100D9C2D1 /* Component */ = {
			isa = PBXGroup;
			children = (
				299A914A2AF6C85A00D9C2D1 /* TabBar.swift */,
				299A914E2AF6DEC000D9C2D1 /* NavigationBar.swift */,
				299A91692AF7BBF800D9C2D1 /* CloseAlert.swift */,
				299A91612AF757F000D9C2D1 /* NextButton.swift */,
				299A91672AF7B93000D9C2D1 /* CloseButton.swift */,
			);
			path = Component;
			sourceTree = "<group>";
		};
		299A91542AF7217300D9C2D1 /* Note */ = {
			isa = PBXGroup;
			children = (
				299A91312AF6B1FF00D9C2D1 /* NoteView.swift */,
				299A915C2AF74C6200D9C2D1 /* AddNote */,
			);
			path = Note;
			sourceTree = "<group>";
		};
		299A91552AF7217E00D9C2D1 /* Share */ = {
			isa = PBXGroup;
			children = (
				299A91332AF6B21A00D9C2D1 /* ShareView.swift */,
			);
			path = Share;
			sourceTree = "<group>";
		};
		299A915C2AF74C6200D9C2D1 /* AddNote */ = {
			isa = PBXGroup;
			children = (
				299A915D2AF74C6F00D9C2D1 /* AddNoteView.swift */,
			);
			path = AddNote;
			sourceTree = "<group>";
		};
/* End PBXGroup section */

/* Begin PBXNativeTarget section */
		299A911F2AF6AD6C00D9C2D1 /* LookSmellTaste */ = {
			isa = PBXNativeTarget;
			buildConfigurationList = 299A912E2AF6AD6D00D9C2D1 /* Build configuration list for PBXNativeTarget "LookSmellTaste" */;
			buildPhases = (
				299A911C2AF6AD6C00D9C2D1 /* Sources */,
				299A911D2AF6AD6C00D9C2D1 /* Frameworks */,
				299A911E2AF6AD6C00D9C2D1 /* Resources */,
			);
			buildRules = (
			);
			dependencies = (
			);
			name = LookSmellTaste;
			productName = LookSmellTaste;
			productReference = 299A91202AF6AD6C00D9C2D1 /* LookSmellTaste.app */;
			productType = "com.apple.product-type.application";
		};
/* End PBXNativeTarget section */

/* Begin PBXProject section */
		299A91182AF6AD6C00D9C2D1 /* Project object */ = {
			isa = PBXProject;
			attributes = {
				BuildIndependentTargetsInParallel = 1;
				LastSwiftUpdateCheck = 1500;
				LastUpgradeCheck = 1500;
				TargetAttributes = {
					299A911F2AF6AD6C00D9C2D1 = {
						CreatedOnToolsVersion = 15.0.1;
					};
				};
			};
			buildConfigurationList = 299A911B2AF6AD6C00D9C2D1 /* Build configuration list for PBXProject "LookSmellTaste" */;
			compatibilityVersion = "Xcode 14.0";
			developmentRegion = ko;
			hasScannedForEncodings = 0;
			knownRegions = (
				en,
				Base,
				ko,
			);
			mainGroup = 299A91172AF6AD6C00D9C2D1;
			productRefGroup = 299A91212AF6AD6C00D9C2D1 /* Products */;
			projectDirPath = "";
			projectRoot = "";
			targets = (
				299A911F2AF6AD6C00D9C2D1 /* LookSmellTaste */,
			);
		};
/* End PBXProject section */

/* Begin PBXResourcesBuildPhase section */
		299A911E2AF6AD6C00D9C2D1 /* Resources */ = {
			isa = PBXResourcesBuildPhase;
			buildActionMask = 2147483647;
			files = (
				299A912B2AF6AD6D00D9C2D1 /* Preview Assets.xcassets in Resources */,
				299A913E2AF6C03800D9C2D1 /* GmarketSansTTFLight.ttf in Resources */,
				299A913A2AF6C00400D9C2D1 /* TossFaceFontMac.ttf in Resources */,
				299A91282AF6AD6D00D9C2D1 /* Asset.xcassets in Resources */,
				299A91592AF744BB00D9C2D1 /* Color.xcassets in Resources */,
				299A915B2AF7451D00D9C2D1 /* Image.xcassets in Resources */,
				299A913F2AF6C03800D9C2D1 /* GmarketSansTTFBold.ttf in Resources */,
				299A91402AF6C03800D9C2D1 /* GmarketSansTTFMedium.ttf in Resources */,
			);
			runOnlyForDeploymentPostprocessing = 0;
		};
/* End PBXResourcesBuildPhase section */

/* Begin PBXSourcesBuildPhase section */
		299A911C2AF6AD6C00D9C2D1 /* Sources */ = {
			isa = PBXSourcesBuildPhase;
			buildActionMask = 2147483647;
			files = (
				299A91512AF6E2F100D9C2D1 /* PreferenceKey.swift in Sources */,
				299A91432AF6C20300D9C2D1 /* FontExtension.swift in Sources */,
				299A91342AF6B21A00D9C2D1 /* ShareView.swift in Sources */,
				299A91262AF6AD6C00D9C2D1 /* ContentView.swift in Sources */,
				299A91532AF71E9A00D9C2D1 /* ViewExtension.swift in Sources */,
				299A914F2AF6DEC000D9C2D1 /* NavigationBar.swift in Sources */,
				299A916A2AF7BBF800D9C2D1 /* CloseAlert.swift in Sources */,
				299A91682AF7B93000D9C2D1 /* CloseButton.swift in Sources */,
				299A91622AF757F000D9C2D1 /* NextButton.swift in Sources */,
				299A914D2AF6CBD600D9C2D1 /* MainTabView.swift in Sources */,
				299A91322AF6B1FF00D9C2D1 /* NoteView.swift in Sources */,
				299A91242AF6AD6C00D9C2D1 /* LookSmellTasteApp.swift in Sources */,
				299A914B2AF6C85A00D9C2D1 /* TabBar.swift in Sources */,
				299A915E2AF74C6F00D9C2D1 /* AddNoteView.swift in Sources */,
			);
			runOnlyForDeploymentPostprocessing = 0;
		};
/* End PBXSourcesBuildPhase section */

/* Begin XCBuildConfiguration section */
		299A912C2AF6AD6D00D9C2D1 /* Debug */ = {
			isa = XCBuildConfiguration;
			buildSettings = {
				ALWAYS_SEARCH_USER_PATHS = NO;
				ASSETCATALOG_COMPILER_GENERATE_SWIFT_ASSET_SYMBOL_EXTENSIONS = YES;
				CLANG_ANALYZER_NONNULL = YES;
				CLANG_ANALYZER_NUMBER_OBJECT_CONVERSION = YES_AGGRESSIVE;
				CLANG_CXX_LANGUAGE_STANDARD = "gnu++20";
				CLANG_ENABLE_MODULES = YES;
				CLANG_ENABLE_OBJC_ARC = YES;
				CLANG_ENABLE_OBJC_WEAK = YES;
				CLANG_WARN_BLOCK_CAPTURE_AUTORELEASING = YES;
				CLANG_WARN_BOOL_CONVERSION = YES;
				CLANG_WARN_COMMA = YES;
				CLANG_WARN_CONSTANT_CONVERSION = YES;
				CLANG_WARN_DEPRECATED_OBJC_IMPLEMENTATIONS = YES;
				CLANG_WARN_DIRECT_OBJC_ISA_USAGE = YES_ERROR;
				CLANG_WARN_DOCUMENTATION_COMMENTS = YES;
				CLANG_WARN_EMPTY_BODY = YES;
				CLANG_WARN_ENUM_CONVERSION = YES;
				CLANG_WARN_INFINITE_RECURSION = YES;
				CLANG_WARN_INT_CONVERSION = YES;
				CLANG_WARN_NON_LITERAL_NULL_CONVERSION = YES;
				CLANG_WARN_OBJC_IMPLICIT_RETAIN_SELF = YES;
				CLANG_WARN_OBJC_LITERAL_CONVERSION = YES;
				CLANG_WARN_OBJC_ROOT_CLASS = YES_ERROR;
				CLANG_WARN_QUOTED_INCLUDE_IN_FRAMEWORK_HEADER = YES;
				CLANG_WARN_RANGE_LOOP_ANALYSIS = YES;
				CLANG_WARN_STRICT_PROTOTYPES = YES;
				CLANG_WARN_SUSPICIOUS_MOVE = YES;
				CLANG_WARN_UNGUARDED_AVAILABILITY = YES_AGGRESSIVE;
				CLANG_WARN_UNREACHABLE_CODE = YES;
				CLANG_WARN__DUPLICATE_METHOD_MATCH = YES;
				COPY_PHASE_STRIP = NO;
				DEBUG_INFORMATION_FORMAT = dwarf;
				ENABLE_STRICT_OBJC_MSGSEND = YES;
				ENABLE_TESTABILITY = YES;
				ENABLE_USER_SCRIPT_SANDBOXING = YES;
				GCC_C_LANGUAGE_STANDARD = gnu17;
				GCC_DYNAMIC_NO_PIC = NO;
				GCC_NO_COMMON_BLOCKS = YES;
				GCC_OPTIMIZATION_LEVEL = 0;
				GCC_PREPROCESSOR_DEFINITIONS = (
					"DEBUG=1",
					"$(inherited)",
				);
				GCC_WARN_64_TO_32_BIT_CONVERSION = YES;
				GCC_WARN_ABOUT_RETURN_TYPE = YES_ERROR;
				GCC_WARN_UNDECLARED_SELECTOR = YES;
				GCC_WARN_UNINITIALIZED_AUTOS = YES_AGGRESSIVE;
				GCC_WARN_UNUSED_FUNCTION = YES;
				GCC_WARN_UNUSED_VARIABLE = YES;
				IPHONEOS_DEPLOYMENT_TARGET = 17.0;
				LOCALIZATION_PREFERS_STRING_CATALOGS = YES;
				MTL_ENABLE_DEBUG_INFO = INCLUDE_SOURCE;
				MTL_FAST_MATH = YES;
				ONLY_ACTIVE_ARCH = YES;
				SDKROOT = iphoneos;
				SWIFT_ACTIVE_COMPILATION_CONDITIONS = "DEBUG $(inherited)";
				SWIFT_OPTIMIZATION_LEVEL = "-Onone";
			};
			name = Debug;
		};
		299A912D2AF6AD6D00D9C2D1 /* Release */ = {
			isa = XCBuildConfiguration;
			buildSettings = {
				ALWAYS_SEARCH_USER_PATHS = NO;
				ASSETCATALOG_COMPILER_GENERATE_SWIFT_ASSET_SYMBOL_EXTENSIONS = YES;
				CLANG_ANALYZER_NONNULL = YES;
				CLANG_ANALYZER_NUMBER_OBJECT_CONVERSION = YES_AGGRESSIVE;
				CLANG_CXX_LANGUAGE_STANDARD = "gnu++20";
				CLANG_ENABLE_MODULES = YES;
				CLANG_ENABLE_OBJC_ARC = YES;
				CLANG_ENABLE_OBJC_WEAK = YES;
				CLANG_WARN_BLOCK_CAPTURE_AUTORELEASING = YES;
				CLANG_WARN_BOOL_CONVERSION = YES;
				CLANG_WARN_COMMA = YES;
				CLANG_WARN_CONSTANT_CONVERSION = YES;
				CLANG_WARN_DEPRECATED_OBJC_IMPLEMENTATIONS = YES;
				CLANG_WARN_DIRECT_OBJC_ISA_USAGE = YES_ERROR;
				CLANG_WARN_DOCUMENTATION_COMMENTS = YES;
				CLANG_WARN_EMPTY_BODY = YES;
				CLANG_WARN_ENUM_CONVERSION = YES;
				CLANG_WARN_INFINITE_RECURSION = YES;
				CLANG_WARN_INT_CONVERSION = YES;
				CLANG_WARN_NON_LITERAL_NULL_CONVERSION = YES;
				CLANG_WARN_OBJC_IMPLICIT_RETAIN_SELF = YES;
				CLANG_WARN_OBJC_LITERAL_CONVERSION = YES;
				CLANG_WARN_OBJC_ROOT_CLASS = YES_ERROR;
				CLANG_WARN_QUOTED_INCLUDE_IN_FRAMEWORK_HEADER = YES;
				CLANG_WARN_RANGE_LOOP_ANALYSIS = YES;
				CLANG_WARN_STRICT_PROTOTYPES = YES;
				CLANG_WARN_SUSPICIOUS_MOVE = YES;
				CLANG_WARN_UNGUARDED_AVAILABILITY = YES_AGGRESSIVE;
				CLANG_WARN_UNREACHABLE_CODE = YES;
				CLANG_WARN__DUPLICATE_METHOD_MATCH = YES;
				COPY_PHASE_STRIP = NO;
				DEBUG_INFORMATION_FORMAT = "dwarf-with-dsym";
				ENABLE_NS_ASSERTIONS = NO;
				ENABLE_STRICT_OBJC_MSGSEND = YES;
				ENABLE_USER_SCRIPT_SANDBOXING = YES;
				GCC_C_LANGUAGE_STANDARD = gnu17;
				GCC_NO_COMMON_BLOCKS = YES;
				GCC_WARN_64_TO_32_BIT_CONVERSION = YES;
				GCC_WARN_ABOUT_RETURN_TYPE = YES_ERROR;
				GCC_WARN_UNDECLARED_SELECTOR = YES;
				GCC_WARN_UNINITIALIZED_AUTOS = YES_AGGRESSIVE;
				GCC_WARN_UNUSED_FUNCTION = YES;
				GCC_WARN_UNUSED_VARIABLE = YES;
				IPHONEOS_DEPLOYMENT_TARGET = 17.0;
				LOCALIZATION_PREFERS_STRING_CATALOGS = YES;
				MTL_ENABLE_DEBUG_INFO = NO;
				MTL_FAST_MATH = YES;
				SDKROOT = iphoneos;
				SWIFT_COMPILATION_MODE = wholemodule;
				VALIDATE_PRODUCT = YES;
			};
			name = Release;
		};
		299A912F2AF6AD6D00D9C2D1 /* Debug */ = {
			isa = XCBuildConfiguration;
			buildSettings = {
				ASSETCATALOG_COMPILER_APPICON_NAME = AppIcon;
				ASSETCATALOG_COMPILER_GLOBAL_ACCENT_COLOR_NAME = AccentColor;
				CODE_SIGN_STYLE = Automatic;
				CURRENT_PROJECT_VERSION = 1;
				DEVELOPMENT_ASSET_PATHS = "\"LookSmellTaste/Preview Content\"";
				DEVELOPMENT_TEAM = 77745NX67K;
				ENABLE_PREVIEWS = YES;
				GENERATE_INFOPLIST_FILE = YES;
				INFOPLIST_FILE = LookSmellTaste/Info.plist;
				INFOPLIST_KEY_LSApplicationCategoryType = "public.app-category.food-and-drink";
				INFOPLIST_KEY_UIApplicationSceneManifest_Generation = YES;
				INFOPLIST_KEY_UIApplicationSupportsIndirectInputEvents = YES;
				INFOPLIST_KEY_UILaunchScreen_Generation = YES;
				INFOPLIST_KEY_UISupportedInterfaceOrientations = UIInterfaceOrientationPortrait;
				INFOPLIST_KEY_UISupportedInterfaceOrientations_iPad = "UIInterfaceOrientationLandscapeLeft UIInterfaceOrientationLandscapeRight UIInterfaceOrientationPortrait UIInterfaceOrientationPortraitUpsideDown";
				LD_RUNPATH_SEARCH_PATHS = (
					"$(inherited)",
					"@executable_path/Frameworks",
				);
				MARKETING_VERSION = 1.0;
				PRODUCT_BUNDLE_IDENTIFIER = com.hyunjun.LookSmellTaste;
				PRODUCT_NAME = "$(TARGET_NAME)";
				SUPPORTED_PLATFORMS = "iphoneos iphonesimulator";
				SUPPORTS_MACCATALYST = NO;
				SUPPORTS_MAC_DESIGNED_FOR_IPHONE_IPAD = YES;
				SWIFT_EMIT_LOC_STRINGS = YES;
				SWIFT_VERSION = 5.0;
				TARGETED_DEVICE_FAMILY = 1;
			};
			name = Debug;
		};
		299A91302AF6AD6D00D9C2D1 /* Release */ = {
			isa = XCBuildConfiguration;
			buildSettings = {
				ASSETCATALOG_COMPILER_APPICON_NAME = AppIcon;
				ASSETCATALOG_COMPILER_GLOBAL_ACCENT_COLOR_NAME = AccentColor;
				CODE_SIGN_STYLE = Automatic;
				CURRENT_PROJECT_VERSION = 1;
				DEVELOPMENT_ASSET_PATHS = "\"LookSmellTaste/Preview Content\"";
				DEVELOPMENT_TEAM = 77745NX67K;
				ENABLE_PREVIEWS = YES;
				GENERATE_INFOPLIST_FILE = YES;
				INFOPLIST_FILE = LookSmellTaste/Info.plist;
				INFOPLIST_KEY_LSApplicationCategoryType = "public.app-category.food-and-drink";
				INFOPLIST_KEY_UIApplicationSceneManifest_Generation = YES;
				INFOPLIST_KEY_UIApplicationSupportsIndirectInputEvents = YES;
				INFOPLIST_KEY_UILaunchScreen_Generation = YES;
				INFOPLIST_KEY_UISupportedInterfaceOrientations = UIInterfaceOrientationPortrait;
				INFOPLIST_KEY_UISupportedInterfaceOrientations_iPad = "UIInterfaceOrientationLandscapeLeft UIInterfaceOrientationLandscapeRight UIInterfaceOrientationPortrait UIInterfaceOrientationPortraitUpsideDown";
				LD_RUNPATH_SEARCH_PATHS = (
					"$(inherited)",
					"@executable_path/Frameworks",
				);
				MARKETING_VERSION = 1.0;
				PRODUCT_BUNDLE_IDENTIFIER = com.hyunjun.LookSmellTaste;
				PRODUCT_NAME = "$(TARGET_NAME)";
				SUPPORTED_PLATFORMS = "iphoneos iphonesimulator";
				SUPPORTS_MACCATALYST = NO;
				SUPPORTS_MAC_DESIGNED_FOR_IPHONE_IPAD = YES;
				SWIFT_EMIT_LOC_STRINGS = YES;
				SWIFT_VERSION = 5.0;
				TARGETED_DEVICE_FAMILY = 1;
			};
			name = Release;
		};
/* End XCBuildConfiguration section */

/* Begin XCConfigurationList section */
		299A911B2AF6AD6C00D9C2D1 /* Build configuration list for PBXProject "LookSmellTaste" */ = {
			isa = XCConfigurationList;
			buildConfigurations = (
				299A912C2AF6AD6D00D9C2D1 /* Debug */,
				299A912D2AF6AD6D00D9C2D1 /* Release */,
			);
			defaultConfigurationIsVisible = 0;
			defaultConfigurationName = Release;
		};
		299A912E2AF6AD6D00D9C2D1 /* Build configuration list for PBXNativeTarget "LookSmellTaste" */ = {
			isa = XCConfigurationList;
			buildConfigurations = (
				299A912F2AF6AD6D00D9C2D1 /* Debug */,
				299A91302AF6AD6D00D9C2D1 /* Release */,
			);
			defaultConfigurationIsVisible = 0;
			defaultConfigurationName = Release;
		};
/* End XCConfigurationList section */
	};
	rootObject = 299A91182AF6AD6C00D9C2D1 /* Project object */;
}
