// !$*UTF8*$!
{
	archiveVersion = 1;
	classes = {
	};
	objectVersion = 56;
	objects = {

/* Begin PBXBuildFile section */
		291D2E292C69F9AB00C767C2 /* Pretendard-Thin.otf in Resources */ = {isa = PBXBuildFile; fileRef = 291D2E212C69F9AA00C767C2 /* Pretendard-Thin.otf */; };
		291D2E2A2C69F9AB00C767C2 /* Pretendard-Bold.otf in Resources */ = {isa = PBXBuildFile; fileRef = 291D2E222C69F9AA00C767C2 /* Pretendard-Bold.otf */; };
		291D2E2B2C69F9AB00C767C2 /* Pretendard-Black.otf in Resources */ = {isa = PBXBuildFile; fileRef = 291D2E232C69F9AA00C767C2 /* Pretendard-Black.otf */; };
		291D2E2C2C69F9AB00C767C2 /* Pretendard-ExtraBold.otf in Resources */ = {isa = PBXBuildFile; fileRef = 291D2E242C69F9AA00C767C2 /* Pretendard-ExtraBold.otf */; };
		291D2E2D2C69F9AB00C767C2 /* Pretendard-Medium.otf in Resources */ = {isa = PBXBuildFile; fileRef = 291D2E252C69F9AA00C767C2 /* Pretendard-Medium.otf */; };
		291D2E2E2C69F9AB00C767C2 /* Pretendard-SemiBold.otf in Resources */ = {isa = PBXBuildFile; fileRef = 291D2E262C69F9AA00C767C2 /* Pretendard-SemiBold.otf */; };
		291D2E2F2C69F9AB00C767C2 /* Pretendard-Regular.otf in Resources */ = {isa = PBXBuildFile; fileRef = 291D2E272C69F9AA00C767C2 /* Pretendard-Regular.otf */; };
		291D2E302C69F9AB00C767C2 /* Pretendard-ExtraLight.otf in Resources */ = {isa = PBXBuildFile; fileRef = 291D2E282C69F9AB00C767C2 /* Pretendard-ExtraLight.otf */; };
		291D2E322C69F9C600C767C2 /* Pretendard-Light.otf in Resources */ = {isa = PBXBuildFile; fileRef = 291D2E312C69F9C600C767C2 /* Pretendard-Light.otf */; };
		291D2E342C6A103800C767C2 /* README.md in Resources */ = {isa = PBXBuildFile; fileRef = 291D2E332C6A103800C767C2 /* README.md */; };
		2921B0152B02673B00533A83 /* AddWineNoteView.swift in Sources */ = {isa = PBXBuildFile; fileRef = 2921B0142B02673B00533A83 /* AddWineNoteView.swift */; };
		293BBF882B2999F80032138E /* CocktailNoteView.swift in Sources */ = {isa = PBXBuildFile; fileRef = 293BBF872B2999F80032138E /* CocktailNoteView.swift */; };
		293BBF8A2B299D120032138E /* CocktailNoteList.swift in Sources */ = {isa = PBXBuildFile; fileRef = 293BBF892B299D120032138E /* CocktailNoteList.swift */; };
		293BBF8C2B299DC20032138E /* CocktailNoteDetailView.swift in Sources */ = {isa = PBXBuildFile; fileRef = 293BBF8B2B299DC20032138E /* CocktailNoteDetailView.swift */; };
		293BBF8E2B29A0D50032138E /* RatingCircle.swift in Sources */ = {isa = PBXBuildFile; fileRef = 293BBF8D2B29A0D50032138E /* RatingCircle.swift */; };
		293BBF902B29A21D0032138E /* CocktailNoteEditView.swift in Sources */ = {isa = PBXBuildFile; fileRef = 293BBF8F2B29A21D0032138E /* CocktailNoteEditView.swift */; };
		293FD1F02AFAF98600623B23 /* UIScreenExtension.swift in Sources */ = {isa = PBXBuildFile; fileRef = 293FD1EF2AFAF98600623B23 /* UIScreenExtension.swift */; };
		293FD1F42AFB096000623B23 /* AddWineLookView.swift in Sources */ = {isa = PBXBuildFile; fileRef = 293FD1F32AFB096000623B23 /* AddWineLookView.swift */; };
		293FD1F62AFB40D500623B23 /* Haptic.swift in Sources */ = {isa = PBXBuildFile; fileRef = 293FD1F52AFB40D500623B23 /* Haptic.swift */; };
		293FD1F82AFB426F00623B23 /* WineNote.swift in Sources */ = {isa = PBXBuildFile; fileRef = 293FD1F72AFB426F00623B23 /* WineNote.swift */; };
		29431F992AF8654300BE17F1 /* NoteEnvironment.swift in Sources */ = {isa = PBXBuildFile; fileRef = 29431F982AF8654300BE17F1 /* NoteEnvironment.swift */; };
		2949F2942AFA9593005AFEFC /* WineModel.swift in Sources */ = {isa = PBXBuildFile; fileRef = 2949F2932AFA9593005AFEFC /* WineModel.swift */; };
		2990E4022AF9A21E0001617A /* ContentUnavailable.swift in Sources */ = {isa = PBXBuildFile; fileRef = 2990E4012AF9A21E0001617A /* ContentUnavailable.swift */; };
		2990E4052AF9ACEF0001617A /* ButtonStyle.swift in Sources */ = {isa = PBXBuildFile; fileRef = 2990E4042AF9ACEF0001617A /* ButtonStyle.swift */; };
		2990E4072AF9E11D0001617A /* AddNoteButton.swift in Sources */ = {isa = PBXBuildFile; fileRef = 2990E4062AF9E11D0001617A /* AddNoteButton.swift */; };
		299A91242AF6AD6C00D9C2D1 /* LookSmellTasteApp.swift in Sources */ = {isa = PBXBuildFile; fileRef = 299A91232AF6AD6C00D9C2D1 /* LookSmellTasteApp.swift */; };
		299A91262AF6AD6C00D9C2D1 /* ContentView.swift in Sources */ = {isa = PBXBuildFile; fileRef = 299A91252AF6AD6C00D9C2D1 /* ContentView.swift */; };
		299A91282AF6AD6D00D9C2D1 /* Asset.xcassets in Resources */ = {isa = PBXBuildFile; fileRef = 299A91272AF6AD6D00D9C2D1 /* Asset.xcassets */; };
		299A912B2AF6AD6D00D9C2D1 /* Preview Assets.xcassets in Resources */ = {isa = PBXBuildFile; fileRef = 299A912A2AF6AD6D00D9C2D1 /* Preview Assets.xcassets */; };
		299A91322AF6B1FF00D9C2D1 /* NoteView.swift in Sources */ = {isa = PBXBuildFile; fileRef = 299A91312AF6B1FF00D9C2D1 /* NoteView.swift */; };
		299A913A2AF6C00400D9C2D1 /* TossFaceFontMac.ttf in Resources */ = {isa = PBXBuildFile; fileRef = 299A91392AF6C00400D9C2D1 /* TossFaceFontMac.ttf */; };
		299A913E2AF6C03800D9C2D1 /* GmarketSansTTFLight.ttf in Resources */ = {isa = PBXBuildFile; fileRef = 299A913B2AF6C03800D9C2D1 /* GmarketSansTTFLight.ttf */; };
		299A913F2AF6C03800D9C2D1 /* GmarketSansTTFBold.ttf in Resources */ = {isa = PBXBuildFile; fileRef = 299A913C2AF6C03800D9C2D1 /* GmarketSansTTFBold.ttf */; };
		299A91402AF6C03800D9C2D1 /* GmarketSansTTFMedium.ttf in Resources */ = {isa = PBXBuildFile; fileRef = 299A913D2AF6C03800D9C2D1 /* GmarketSansTTFMedium.ttf */; };
		299A91432AF6C20300D9C2D1 /* FontExtension.swift in Sources */ = {isa = PBXBuildFile; fileRef = 299A91422AF6C20300D9C2D1 /* FontExtension.swift */; };
		299A914F2AF6DEC000D9C2D1 /* NavigationBar.swift in Sources */ = {isa = PBXBuildFile; fileRef = 299A914E2AF6DEC000D9C2D1 /* NavigationBar.swift */; };
		299A91512AF6E2F100D9C2D1 /* PreferenceKey.swift in Sources */ = {isa = PBXBuildFile; fileRef = 299A91502AF6E2F100D9C2D1 /* PreferenceKey.swift */; };
		299A91532AF71E9A00D9C2D1 /* ViewExtension.swift in Sources */ = {isa = PBXBuildFile; fileRef = 299A91522AF71E9A00D9C2D1 /* ViewExtension.swift */; };
		299A91592AF744BB00D9C2D1 /* Color.xcassets in Resources */ = {isa = PBXBuildFile; fileRef = 299A91582AF744BB00D9C2D1 /* Color.xcassets */; };
		299A915B2AF7451D00D9C2D1 /* Image.xcassets in Resources */ = {isa = PBXBuildFile; fileRef = 299A915A2AF7451D00D9C2D1 /* Image.xcassets */; };
		299A915E2AF74C6F00D9C2D1 /* AddNoteView.swift in Sources */ = {isa = PBXBuildFile; fileRef = 299A915D2AF74C6F00D9C2D1 /* AddNoteView.swift */; };
		299A91622AF757F000D9C2D1 /* NextButton.swift in Sources */ = {isa = PBXBuildFile; fileRef = 299A91612AF757F000D9C2D1 /* NextButton.swift */; };
		299A91682AF7B93000D9C2D1 /* CloseButton.swift in Sources */ = {isa = PBXBuildFile; fileRef = 299A91672AF7B93000D9C2D1 /* CloseButton.swift */; };
		299A916A2AF7BBF800D9C2D1 /* CloseAlert.swift in Sources */ = {isa = PBXBuildFile; fileRef = 299A91692AF7BBF800D9C2D1 /* CloseAlert.swift */; };
		29B388B22B0276D100E3942D /* ImagePicker.swift in Sources */ = {isa = PBXBuildFile; fileRef = 29B388B12B0276D100E3942D /* ImagePicker.swift */; };
		29B388B42B027EDE00E3942D /* ImagePickerUI.swift in Sources */ = {isa = PBXBuildFile; fileRef = 29B388B32B027EDE00E3942D /* ImagePickerUI.swift */; };
		29B388B62B0281E700E3942D /* PermissionAlert.swift in Sources */ = {isa = PBXBuildFile; fileRef = 29B388B52B0281E700E3942D /* PermissionAlert.swift */; };
		29B388B82B028F0200E3942D /* PreparingContent.swift in Sources */ = {isa = PBXBuildFile; fileRef = 29B388B72B028F0200E3942D /* PreparingContent.swift */; };
		29B388BB2B0295E300E3942D /* Confetti.swift in Sources */ = {isa = PBXBuildFile; fileRef = 29B388BA2B0295E300E3942D /* Confetti.swift */; };
		29B388BD2B0295FB00E3942D /* ConfettiShapes.swift in Sources */ = {isa = PBXBuildFile; fileRef = 29B388BC2B0295FB00E3942D /* ConfettiShapes.swift */; };
		29B388BF2B02963B00E3942D /* ConfettiSample.swift in Sources */ = {isa = PBXBuildFile; fileRef = 29B388BE2B02963B00E3942D /* ConfettiSample.swift */; };
		29BD870E2B006DA90082241D /* NoteModel.swift in Sources */ = {isa = PBXBuildFile; fileRef = 29BD870D2B006DA90082241D /* NoteModel.swift */; };
		29BD87102B0097580082241D /* AddWineSmellView.swift in Sources */ = {isa = PBXBuildFile; fileRef = 29BD870F2B0097580082241D /* AddWineSmellView.swift */; };
		29BD87122B00AE3C0082241D /* AddWineTasteView.swift in Sources */ = {isa = PBXBuildFile; fileRef = 29BD87112B00AE3C0082241D /* AddWineTasteView.swift */; };
		29BD87142B00AE9E0082241D /* AddWineThinkView.swift in Sources */ = {isa = PBXBuildFile; fileRef = 29BD87132B00AE9E0082241D /* AddWineThinkView.swift */; };
		29BD87162B00B0A30082241D /* AddNoteCompleteView.swift in Sources */ = {isa = PBXBuildFile; fileRef = 29BD87152B00B0A30082241D /* AddNoteCompleteView.swift */; };
		29BD87182B00BD8D0082241D /* Rating.swift in Sources */ = {isa = PBXBuildFile; fileRef = 29BD87172B00BD8D0082241D /* Rating.swift */; };
		29BD871A2B00F15D0082241D /* PentagonRadarChart.swift in Sources */ = {isa = PBXBuildFile; fileRef = 29BD87192B00F15D0082241D /* PentagonRadarChart.swift */; };
		F003F5D92B1234AC003D2499 /* SignInView.swift in Sources */ = {isa = PBXBuildFile; fileRef = F003F5D82B1234AC003D2499 /* SignInView.swift */; };
		F003F5DB2B1318A6003D2499 /* ThumbnailPicker.swift in Sources */ = {isa = PBXBuildFile; fileRef = F003F5DA2B1318A6003D2499 /* ThumbnailPicker.swift */; };
		F003F5DF2B13299E003D2499 /* SignInPermissionAlert.swift in Sources */ = {isa = PBXBuildFile; fileRef = F003F5DE2B13299E003D2499 /* SignInPermissionAlert.swift */; };
		F011045E2B2E97950051DDEB /* Localizable.xcstrings in Resources */ = {isa = PBXBuildFile; fileRef = F011045D2B2E97950051DDEB /* Localizable.xcstrings */; };
		F020C49F2B2ACF9500C54144 /* WhiskeyModel.swift in Sources */ = {isa = PBXBuildFile; fileRef = F020C49E2B2ACF9500C54144 /* WhiskeyModel.swift */; };
		F020C4A22B2AD38700C54144 /* WhiskeyNoteView.swift in Sources */ = {isa = PBXBuildFile; fileRef = F020C4A12B2AD38700C54144 /* WhiskeyNoteView.swift */; };
		F020C4A52B2AD42100C54144 /* AddWhiskeyNoteView.swift in Sources */ = {isa = PBXBuildFile; fileRef = F020C4A42B2AD42100C54144 /* AddWhiskeyNoteView.swift */; };
		F020C4A72B2AD48200C54144 /* AddWhiskeyLookView.swift in Sources */ = {isa = PBXBuildFile; fileRef = F020C4A62B2AD48200C54144 /* AddWhiskeyLookView.swift */; };
		F020C4A92B2AD4C000C54144 /* WhiskeyNoteObservable.swift in Sources */ = {isa = PBXBuildFile; fileRef = F020C4A82B2AD4C000C54144 /* WhiskeyNoteObservable.swift */; };
		F020C4AB2B2AD96600C54144 /* AddWhiskeyThinkView.swift in Sources */ = {isa = PBXBuildFile; fileRef = F020C4AA2B2AD96600C54144 /* AddWhiskeyThinkView.swift */; };
		F020C4AD2B2AD9CF00C54144 /* AddWhiskeyFlavorView.swift in Sources */ = {isa = PBXBuildFile; fileRef = F020C4AC2B2AD9CF00C54144 /* AddWhiskeyFlavorView.swift */; };
		F020C4AF2B2ADA2C00C54144 /* AddWhiskeyTasteView.swift in Sources */ = {isa = PBXBuildFile; fileRef = F020C4AE2B2ADA2C00C54144 /* AddWhiskeyTasteView.swift */; };
		F020C4B12B2AEE6200C54144 /* SheetCloseButton.swift in Sources */ = {isa = PBXBuildFile; fileRef = F020C4B02B2AEE6200C54144 /* SheetCloseButton.swift */; };
		F020C4B32B2AF49900C54144 /* HexagonRadarChart.swift in Sources */ = {isa = PBXBuildFile; fileRef = F020C4B22B2AF49900C54144 /* HexagonRadarChart.swift */; };
		F020C4B62B2AF7A600C54144 /* PolygonChart.swift in Sources */ = {isa = PBXBuildFile; fileRef = F020C4B52B2AF7A600C54144 /* PolygonChart.swift */; };
		F020C4B82B2B04C900C54144 /* WhiskeyNote.swift in Sources */ = {isa = PBXBuildFile; fileRef = F020C4B72B2B04C900C54144 /* WhiskeyNote.swift */; };
		F020C4BA2B2B06E300C54144 /* WhiskeyNoteList.swift in Sources */ = {isa = PBXBuildFile; fileRef = F020C4B92B2B06E300C54144 /* WhiskeyNoteList.swift */; };
		F020C4BC2B2B06F300C54144 /* WhiskeyNoteDetailView.swift in Sources */ = {isa = PBXBuildFile; fileRef = F020C4BB2B2B06F300C54144 /* WhiskeyNoteDetailView.swift */; };
		F020C4BE2B2B06FF00C54144 /* WhiskeyNoteEditView.swift in Sources */ = {isa = PBXBuildFile; fileRef = F020C4BD2B2B06FF00C54144 /* WhiskeyNoteEditView.swift */; };
		F020C4C32B2C93E800C54144 /* Filter.swift in Sources */ = {isa = PBXBuildFile; fileRef = F020C4C22B2C93E800C54144 /* Filter.swift */; };
		F020C4C52B2C944600C54144 /* FilterModel.swift in Sources */ = {isa = PBXBuildFile; fileRef = F020C4C42B2C944600C54144 /* FilterModel.swift */; };
		F02EED4A2B235173009AD6D1 /* WineNoteDetailView.swift in Sources */ = {isa = PBXBuildFile; fileRef = F02EED492B235173009AD6D1 /* WineNoteDetailView.swift */; };
		F04B4FC22B11A9530000047D /* User.swift in Sources */ = {isa = PBXBuildFile; fileRef = F04B4FC12B11A9530000047D /* User.swift */; };
		F04B4FC52B11AF190000047D /* CoffeeNote.swift in Sources */ = {isa = PBXBuildFile; fileRef = F04B4FC42B11AF190000047D /* CoffeeNote.swift */; };
		F04B4FC72B11AF210000047D /* CocktailNote.swift in Sources */ = {isa = PBXBuildFile; fileRef = F04B4FC62B11AF210000047D /* CocktailNote.swift */; };
		F07D515C2B20073F0059A62C /* UserView.swift in Sources */ = {isa = PBXBuildFile; fileRef = F07D515B2B20073F0059A62C /* UserView.swift */; };
		F0DCD1AE2B2498A600841A18 /* DeleteButton.swift in Sources */ = {isa = PBXBuildFile; fileRef = F0DCD1AD2B2498A600841A18 /* DeleteButton.swift */; };
		F0DCD1B02B2499DC00841A18 /* DeleteAlert.swift in Sources */ = {isa = PBXBuildFile; fileRef = F0DCD1AF2B2499DC00841A18 /* DeleteAlert.swift */; };
		F0DCD1B32B2574A100841A18 /* AddCocktailNoteView.swift in Sources */ = {isa = PBXBuildFile; fileRef = F0DCD1B22B2574A100841A18 /* AddCocktailNoteView.swift */; };
		F0DCD1B52B25750400841A18 /* CocktailNoteObservable.swift in Sources */ = {isa = PBXBuildFile; fileRef = F0DCD1B42B25750400841A18 /* CocktailNoteObservable.swift */; };
		F0DCD1B92B2576CE00841A18 /* CocktailModel.swift in Sources */ = {isa = PBXBuildFile; fileRef = F0DCD1B82B2576CE00841A18 /* CocktailModel.swift */; };
		F0DCD1BB2B28270100841A18 /* AddCocktailTasteView.swift in Sources */ = {isa = PBXBuildFile; fileRef = F0DCD1BA2B28270100841A18 /* AddCocktailTasteView.swift */; };
		F0DCD1BD2B2829D500841A18 /* AddCocktailThinkView.swift in Sources */ = {isa = PBXBuildFile; fileRef = F0DCD1BC2B2829D500841A18 /* AddCocktailThinkView.swift */; };
		F0DCD1BF2B282F9200841A18 /* AddCocktailFactoryView.swift in Sources */ = {isa = PBXBuildFile; fileRef = F0DCD1BE2B282F9200841A18 /* AddCocktailFactoryView.swift */; };
		F0DCD1C12B283B2000841A18 /* CocktailFactory.swift in Sources */ = {isa = PBXBuildFile; fileRef = F0DCD1C02B283B2000841A18 /* CocktailFactory.swift */; };
		F0DCD1C32B2885CC00841A18 /* CustomDivider.swift in Sources */ = {isa = PBXBuildFile; fileRef = F0DCD1C22B2885CC00841A18 /* CustomDivider.swift */; };
		F0DCD1C72B28EB3800841A18 /* AddIngredientButton.swift in Sources */ = {isa = PBXBuildFile; fileRef = F0DCD1C62B28EB3800841A18 /* AddIngredientButton.swift */; };
		F0DE9BD52B2420C0004A9621 /* RatingDisplay.swift in Sources */ = {isa = PBXBuildFile; fileRef = F0DE9BD42B2420C0004A9621 /* RatingDisplay.swift */; };
		F0DE9BD72B24250E004A9621 /* WineNoteList.swift in Sources */ = {isa = PBXBuildFile; fileRef = F0DE9BD62B24250E004A9621 /* WineNoteList.swift */; };
		F0DE9BD92B2434B3004A9621 /* WineNoteEditView.swift in Sources */ = {isa = PBXBuildFile; fileRef = F0DE9BD82B2434B3004A9621 /* WineNoteEditView.swift */; };
		F0DE9BDB2B243BBC004A9621 /* EditImagePicker.swift in Sources */ = {isa = PBXBuildFile; fileRef = F0DE9BDA2B243BBC004A9621 /* EditImagePicker.swift */; };
		F0DE9BDD2B245BC4004A9621 /* CameraPermissionAlert.swift in Sources */ = {isa = PBXBuildFile; fileRef = F0DE9BDC2B245BC4004A9621 /* CameraPermissionAlert.swift */; };
		F0DE9BDF2B245FA0004A9621 /* CoffeeNoteObservable.swift in Sources */ = {isa = PBXBuildFile; fileRef = F0DE9BDE2B245FA0004A9621 /* CoffeeNoteObservable.swift */; };
		F0DE9BE12B2460B7004A9621 /* CoffeeModel.swift in Sources */ = {isa = PBXBuildFile; fileRef = F0DE9BE02B2460B7004A9621 /* CoffeeModel.swift */; };
		F0DE9BE42B246321004A9621 /* AddCoffeeNoteView.swift in Sources */ = {isa = PBXBuildFile; fileRef = F0DE9BE32B246321004A9621 /* AddCoffeeNoteView.swift */; };
		F0DE9BE62B246402004A9621 /* AddCoffeeFlavorView.swift in Sources */ = {isa = PBXBuildFile; fileRef = F0DE9BE52B246401004A9621 /* AddCoffeeFlavorView.swift */; };
		F0DE9BE82B2466A3004A9621 /* AddCoffeeTasteView.swift in Sources */ = {isa = PBXBuildFile; fileRef = F0DE9BE72B2466A3004A9621 /* AddCoffeeTasteView.swift */; };
		F0DE9BEA2B2466AF004A9621 /* AddCoffeeThinkView.swift in Sources */ = {isa = PBXBuildFile; fileRef = F0DE9BE92B2466AF004A9621 /* AddCoffeeThinkView.swift */; };
		F0DE9BED2B2475D9004A9621 /* CoffeeNoteList.swift in Sources */ = {isa = PBXBuildFile; fileRef = F0DE9BEC2B2475D9004A9621 /* CoffeeNoteList.swift */; };
		F0DE9BEF2B247719004A9621 /* CoffeeNoteView.swift in Sources */ = {isa = PBXBuildFile; fileRef = F0DE9BEE2B247719004A9621 /* CoffeeNoteView.swift */; };
		F0DE9BF12B247820004A9621 /* CoffeeNoteDetailView.swift in Sources */ = {isa = PBXBuildFile; fileRef = F0DE9BF02B247820004A9621 /* CoffeeNoteDetailView.swift */; };
		F0DE9BF32B2479AE004A9621 /* CoffeeNoteEditView.swift in Sources */ = {isa = PBXBuildFile; fileRef = F0DE9BF22B2479AE004A9621 /* CoffeeNoteEditView.swift */; };
		F0DE9BF62B2482BF004A9621 /* OnboardingView.swift in Sources */ = {isa = PBXBuildFile; fileRef = F0DE9BF52B2482BF004A9621 /* OnboardingView.swift */; };
		F0F749212B31598A0045A9C2 /* InfoPlist.xcstrings in Resources */ = {isa = PBXBuildFile; fileRef = F0F749202B31598A0045A9C2 /* InfoPlist.xcstrings */; };
		F0FBBFF62B22F81400F513BC /* UserEditView.swift in Sources */ = {isa = PBXBuildFile; fileRef = F0FBBFF52B22F81400F513BC /* UserEditView.swift */; };
		F0FBBFF82B22FF3400F513BC /* UserDeleteAlert.swift in Sources */ = {isa = PBXBuildFile; fileRef = F0FBBFF72B22FF3400F513BC /* UserDeleteAlert.swift */; };
		F0FBBFFA2B2310F500F513BC /* WineNoteObservable.swift in Sources */ = {isa = PBXBuildFile; fileRef = F0FBBFF92B2310F500F513BC /* WineNoteObservable.swift */; };
		F0FBBFFC2B231D2100F513BC /* PreviewContainer.swift in Sources */ = {isa = PBXBuildFile; fileRef = F0FBBFFB2B231D2100F513BC /* PreviewContainer.swift */; };
		F0FBBFFE2B2348C700F513BC /* WineNoteView.swift in Sources */ = {isa = PBXBuildFile; fileRef = F0FBBFFD2B2348C700F513BC /* WineNoteView.swift */; };
/* End PBXBuildFile section */

/* Begin PBXFileReference section */
		291D2E212C69F9AA00C767C2 /* Pretendard-Thin.otf */ = {isa = PBXFileReference; lastKnownFileType = file; path = "Pretendard-Thin.otf"; sourceTree = "<group>"; };
		291D2E222C69F9AA00C767C2 /* Pretendard-Bold.otf */ = {isa = PBXFileReference; lastKnownFileType = file; path = "Pretendard-Bold.otf"; sourceTree = "<group>"; };
		291D2E232C69F9AA00C767C2 /* Pretendard-Black.otf */ = {isa = PBXFileReference; lastKnownFileType = file; path = "Pretendard-Black.otf"; sourceTree = "<group>"; };
		291D2E242C69F9AA00C767C2 /* Pretendard-ExtraBold.otf */ = {isa = PBXFileReference; lastKnownFileType = file; path = "Pretendard-ExtraBold.otf"; sourceTree = "<group>"; };
		291D2E252C69F9AA00C767C2 /* Pretendard-Medium.otf */ = {isa = PBXFileReference; lastKnownFileType = file; path = "Pretendard-Medium.otf"; sourceTree = "<group>"; };
		291D2E262C69F9AA00C767C2 /* Pretendard-SemiBold.otf */ = {isa = PBXFileReference; lastKnownFileType = file; path = "Pretendard-SemiBold.otf"; sourceTree = "<group>"; };
		291D2E272C69F9AA00C767C2 /* Pretendard-Regular.otf */ = {isa = PBXFileReference; lastKnownFileType = file; path = "Pretendard-Regular.otf"; sourceTree = "<group>"; };
		291D2E282C69F9AB00C767C2 /* Pretendard-ExtraLight.otf */ = {isa = PBXFileReference; lastKnownFileType = file; path = "Pretendard-ExtraLight.otf"; sourceTree = "<group>"; };
		291D2E312C69F9C600C767C2 /* Pretendard-Light.otf */ = {isa = PBXFileReference; lastKnownFileType = file; path = "Pretendard-Light.otf"; sourceTree = "<group>"; };
		291D2E332C6A103800C767C2 /* README.md */ = {isa = PBXFileReference; fileEncoding = 4; lastKnownFileType = net.daringfireball.markdown; name = README.md; path = ../README.md; sourceTree = "<group>"; };
		2921B0142B02673B00533A83 /* AddWineNoteView.swift */ = {isa = PBXFileReference; lastKnownFileType = sourcecode.swift; path = AddWineNoteView.swift; sourceTree = "<group>"; };
		293BBF872B2999F80032138E /* CocktailNoteView.swift */ = {isa = PBXFileReference; lastKnownFileType = sourcecode.swift; path = CocktailNoteView.swift; sourceTree = "<group>"; };
		293BBF892B299D120032138E /* CocktailNoteList.swift */ = {isa = PBXFileReference; lastKnownFileType = sourcecode.swift; path = CocktailNoteList.swift; sourceTree = "<group>"; };
		293BBF8B2B299DC20032138E /* CocktailNoteDetailView.swift */ = {isa = PBXFileReference; lastKnownFileType = sourcecode.swift; path = CocktailNoteDetailView.swift; sourceTree = "<group>"; };
		293BBF8D2B29A0D50032138E /* RatingCircle.swift */ = {isa = PBXFileReference; lastKnownFileType = sourcecode.swift; path = RatingCircle.swift; sourceTree = "<group>"; };
		293BBF8F2B29A21D0032138E /* CocktailNoteEditView.swift */ = {isa = PBXFileReference; lastKnownFileType = sourcecode.swift; path = CocktailNoteEditView.swift; sourceTree = "<group>"; };
		293FD1EF2AFAF98600623B23 /* UIScreenExtension.swift */ = {isa = PBXFileReference; lastKnownFileType = sourcecode.swift; path = UIScreenExtension.swift; sourceTree = "<group>"; };
		293FD1F32AFB096000623B23 /* AddWineLookView.swift */ = {isa = PBXFileReference; lastKnownFileType = sourcecode.swift; path = AddWineLookView.swift; sourceTree = "<group>"; };
		293FD1F52AFB40D500623B23 /* Haptic.swift */ = {isa = PBXFileReference; lastKnownFileType = sourcecode.swift; path = Haptic.swift; sourceTree = "<group>"; };
		293FD1F72AFB426F00623B23 /* WineNote.swift */ = {isa = PBXFileReference; lastKnownFileType = sourcecode.swift; path = WineNote.swift; sourceTree = "<group>"; };
		29431F982AF8654300BE17F1 /* NoteEnvironment.swift */ = {isa = PBXFileReference; lastKnownFileType = sourcecode.swift; path = NoteEnvironment.swift; sourceTree = "<group>"; };
		2949F2932AFA9593005AFEFC /* WineModel.swift */ = {isa = PBXFileReference; lastKnownFileType = sourcecode.swift; path = WineModel.swift; sourceTree = "<group>"; };
		2990E4012AF9A21E0001617A /* ContentUnavailable.swift */ = {isa = PBXFileReference; lastKnownFileType = sourcecode.swift; path = ContentUnavailable.swift; sourceTree = "<group>"; };
		2990E4042AF9ACEF0001617A /* ButtonStyle.swift */ = {isa = PBXFileReference; lastKnownFileType = sourcecode.swift; path = ButtonStyle.swift; sourceTree = "<group>"; };
		2990E4062AF9E11D0001617A /* AddNoteButton.swift */ = {isa = PBXFileReference; lastKnownFileType = sourcecode.swift; path = AddNoteButton.swift; sourceTree = "<group>"; };
		299A91202AF6AD6C00D9C2D1 /* LookSmellTaste.app */ = {isa = PBXFileReference; explicitFileType = wrapper.application; includeInIndex = 0; path = LookSmellTaste.app; sourceTree = BUILT_PRODUCTS_DIR; };
		299A91232AF6AD6C00D9C2D1 /* LookSmellTasteApp.swift */ = {isa = PBXFileReference; lastKnownFileType = sourcecode.swift; path = LookSmellTasteApp.swift; sourceTree = "<group>"; };
		299A91252AF6AD6C00D9C2D1 /* ContentView.swift */ = {isa = PBXFileReference; lastKnownFileType = sourcecode.swift; path = ContentView.swift; sourceTree = "<group>"; };
		299A91272AF6AD6D00D9C2D1 /* Asset.xcassets */ = {isa = PBXFileReference; lastKnownFileType = folder.assetcatalog; path = Asset.xcassets; sourceTree = "<group>"; };
		299A912A2AF6AD6D00D9C2D1 /* Preview Assets.xcassets */ = {isa = PBXFileReference; lastKnownFileType = folder.assetcatalog; path = "Preview Assets.xcassets"; sourceTree = "<group>"; };
		299A91312AF6B1FF00D9C2D1 /* NoteView.swift */ = {isa = PBXFileReference; lastKnownFileType = sourcecode.swift; path = NoteView.swift; sourceTree = "<group>"; };
		299A91392AF6C00400D9C2D1 /* TossFaceFontMac.ttf */ = {isa = PBXFileReference; lastKnownFileType = file; path = TossFaceFontMac.ttf; sourceTree = "<group>"; };
		299A913B2AF6C03800D9C2D1 /* GmarketSansTTFLight.ttf */ = {isa = PBXFileReference; lastKnownFileType = file; path = GmarketSansTTFLight.ttf; sourceTree = "<group>"; };
		299A913C2AF6C03800D9C2D1 /* GmarketSansTTFBold.ttf */ = {isa = PBXFileReference; lastKnownFileType = file; path = GmarketSansTTFBold.ttf; sourceTree = "<group>"; };
		299A913D2AF6C03800D9C2D1 /* GmarketSansTTFMedium.ttf */ = {isa = PBXFileReference; lastKnownFileType = file; path = GmarketSansTTFMedium.ttf; sourceTree = "<group>"; };
		299A91412AF6C07900D9C2D1 /* Info.plist */ = {isa = PBXFileReference; lastKnownFileType = text.plist; path = Info.plist; sourceTree = "<group>"; };
		299A91422AF6C20300D9C2D1 /* FontExtension.swift */ = {isa = PBXFileReference; lastKnownFileType = sourcecode.swift; path = FontExtension.swift; sourceTree = "<group>"; };
		299A914E2AF6DEC000D9C2D1 /* NavigationBar.swift */ = {isa = PBXFileReference; lastKnownFileType = sourcecode.swift; path = NavigationBar.swift; sourceTree = "<group>"; };
		299A91502AF6E2F100D9C2D1 /* PreferenceKey.swift */ = {isa = PBXFileReference; lastKnownFileType = sourcecode.swift; path = PreferenceKey.swift; sourceTree = "<group>"; };
		299A91522AF71E9A00D9C2D1 /* ViewExtension.swift */ = {isa = PBXFileReference; lastKnownFileType = sourcecode.swift; path = ViewExtension.swift; sourceTree = "<group>"; };
		299A91582AF744BB00D9C2D1 /* Color.xcassets */ = {isa = PBXFileReference; lastKnownFileType = folder.assetcatalog; path = Color.xcassets; sourceTree = "<group>"; };
		299A915A2AF7451D00D9C2D1 /* Image.xcassets */ = {isa = PBXFileReference; lastKnownFileType = folder.assetcatalog; path = Image.xcassets; sourceTree = "<group>"; };
		299A915D2AF74C6F00D9C2D1 /* AddNoteView.swift */ = {isa = PBXFileReference; lastKnownFileType = sourcecode.swift; path = AddNoteView.swift; sourceTree = "<group>"; };
		299A91612AF757F000D9C2D1 /* NextButton.swift */ = {isa = PBXFileReference; lastKnownFileType = sourcecode.swift; path = NextButton.swift; sourceTree = "<group>"; };
		299A91672AF7B93000D9C2D1 /* CloseButton.swift */ = {isa = PBXFileReference; lastKnownFileType = sourcecode.swift; path = CloseButton.swift; sourceTree = "<group>"; };
		299A91692AF7BBF800D9C2D1 /* CloseAlert.swift */ = {isa = PBXFileReference; lastKnownFileType = sourcecode.swift; path = CloseAlert.swift; sourceTree = "<group>"; };
		29B388B12B0276D100E3942D /* ImagePicker.swift */ = {isa = PBXFileReference; lastKnownFileType = sourcecode.swift; path = ImagePicker.swift; sourceTree = "<group>"; };
		29B388B32B027EDE00E3942D /* ImagePickerUI.swift */ = {isa = PBXFileReference; lastKnownFileType = sourcecode.swift; path = ImagePickerUI.swift; sourceTree = "<group>"; };
		29B388B52B0281E700E3942D /* PermissionAlert.swift */ = {isa = PBXFileReference; lastKnownFileType = sourcecode.swift; path = PermissionAlert.swift; sourceTree = "<group>"; };
		29B388B72B028F0200E3942D /* PreparingContent.swift */ = {isa = PBXFileReference; lastKnownFileType = sourcecode.swift; path = PreparingContent.swift; sourceTree = "<group>"; };
		29B388BA2B0295E300E3942D /* Confetti.swift */ = {isa = PBXFileReference; lastKnownFileType = sourcecode.swift; path = Confetti.swift; sourceTree = "<group>"; };
		29B388BC2B0295FB00E3942D /* ConfettiShapes.swift */ = {isa = PBXFileReference; lastKnownFileType = sourcecode.swift; path = ConfettiShapes.swift; sourceTree = "<group>"; };
		29B388BE2B02963B00E3942D /* ConfettiSample.swift */ = {isa = PBXFileReference; lastKnownFileType = sourcecode.swift; path = ConfettiSample.swift; sourceTree = "<group>"; };
		29BD870D2B006DA90082241D /* NoteModel.swift */ = {isa = PBXFileReference; lastKnownFileType = sourcecode.swift; path = NoteModel.swift; sourceTree = "<group>"; };
		29BD870F2B0097580082241D /* AddWineSmellView.swift */ = {isa = PBXFileReference; lastKnownFileType = sourcecode.swift; path = AddWineSmellView.swift; sourceTree = "<group>"; };
		29BD87112B00AE3C0082241D /* AddWineTasteView.swift */ = {isa = PBXFileReference; lastKnownFileType = sourcecode.swift; path = AddWineTasteView.swift; sourceTree = "<group>"; };
		29BD87132B00AE9E0082241D /* AddWineThinkView.swift */ = {isa = PBXFileReference; lastKnownFileType = sourcecode.swift; path = AddWineThinkView.swift; sourceTree = "<group>"; };
		29BD87152B00B0A30082241D /* AddNoteCompleteView.swift */ = {isa = PBXFileReference; lastKnownFileType = sourcecode.swift; path = AddNoteCompleteView.swift; sourceTree = "<group>"; };
		29BD87172B00BD8D0082241D /* Rating.swift */ = {isa = PBXFileReference; lastKnownFileType = sourcecode.swift; path = Rating.swift; sourceTree = "<group>"; };
		29BD87192B00F15D0082241D /* PentagonRadarChart.swift */ = {isa = PBXFileReference; lastKnownFileType = sourcecode.swift; path = PentagonRadarChart.swift; sourceTree = "<group>"; };
		F003F5D82B1234AC003D2499 /* SignInView.swift */ = {isa = PBXFileReference; lastKnownFileType = sourcecode.swift; path = SignInView.swift; sourceTree = "<group>"; };
		F003F5DA2B1318A6003D2499 /* ThumbnailPicker.swift */ = {isa = PBXFileReference; lastKnownFileType = sourcecode.swift; path = ThumbnailPicker.swift; sourceTree = "<group>"; };
		F003F5DE2B13299E003D2499 /* SignInPermissionAlert.swift */ = {isa = PBXFileReference; lastKnownFileType = sourcecode.swift; path = SignInPermissionAlert.swift; sourceTree = "<group>"; };
		F011045D2B2E97950051DDEB /* Localizable.xcstrings */ = {isa = PBXFileReference; lastKnownFileType = text.json.xcstrings; path = Localizable.xcstrings; sourceTree = "<group>"; };
		F020C49E2B2ACF9500C54144 /* WhiskeyModel.swift */ = {isa = PBXFileReference; lastKnownFileType = sourcecode.swift; path = WhiskeyModel.swift; sourceTree = "<group>"; };
		F020C4A12B2AD38700C54144 /* WhiskeyNoteView.swift */ = {isa = PBXFileReference; lastKnownFileType = sourcecode.swift; path = WhiskeyNoteView.swift; sourceTree = "<group>"; };
		F020C4A42B2AD42100C54144 /* AddWhiskeyNoteView.swift */ = {isa = PBXFileReference; lastKnownFileType = sourcecode.swift; path = AddWhiskeyNoteView.swift; sourceTree = "<group>"; };
		F020C4A62B2AD48200C54144 /* AddWhiskeyLookView.swift */ = {isa = PBXFileReference; lastKnownFileType = sourcecode.swift; path = AddWhiskeyLookView.swift; sourceTree = "<group>"; };
		F020C4A82B2AD4C000C54144 /* WhiskeyNoteObservable.swift */ = {isa = PBXFileReference; lastKnownFileType = sourcecode.swift; path = WhiskeyNoteObservable.swift; sourceTree = "<group>"; };
		F020C4AA2B2AD96600C54144 /* AddWhiskeyThinkView.swift */ = {isa = PBXFileReference; lastKnownFileType = sourcecode.swift; path = AddWhiskeyThinkView.swift; sourceTree = "<group>"; };
		F020C4AC2B2AD9CF00C54144 /* AddWhiskeyFlavorView.swift */ = {isa = PBXFileReference; lastKnownFileType = sourcecode.swift; path = AddWhiskeyFlavorView.swift; sourceTree = "<group>"; };
		F020C4AE2B2ADA2C00C54144 /* AddWhiskeyTasteView.swift */ = {isa = PBXFileReference; lastKnownFileType = sourcecode.swift; path = AddWhiskeyTasteView.swift; sourceTree = "<group>"; };
		F020C4B02B2AEE6200C54144 /* SheetCloseButton.swift */ = {isa = PBXFileReference; lastKnownFileType = sourcecode.swift; path = SheetCloseButton.swift; sourceTree = "<group>"; };
		F020C4B22B2AF49900C54144 /* HexagonRadarChart.swift */ = {isa = PBXFileReference; lastKnownFileType = sourcecode.swift; path = HexagonRadarChart.swift; sourceTree = "<group>"; };
		F020C4B52B2AF7A600C54144 /* PolygonChart.swift */ = {isa = PBXFileReference; lastKnownFileType = sourcecode.swift; path = PolygonChart.swift; sourceTree = "<group>"; };
		F020C4B72B2B04C900C54144 /* WhiskeyNote.swift */ = {isa = PBXFileReference; lastKnownFileType = sourcecode.swift; path = WhiskeyNote.swift; sourceTree = "<group>"; };
		F020C4B92B2B06E300C54144 /* WhiskeyNoteList.swift */ = {isa = PBXFileReference; lastKnownFileType = sourcecode.swift; path = WhiskeyNoteList.swift; sourceTree = "<group>"; };
		F020C4BB2B2B06F300C54144 /* WhiskeyNoteDetailView.swift */ = {isa = PBXFileReference; lastKnownFileType = sourcecode.swift; path = WhiskeyNoteDetailView.swift; sourceTree = "<group>"; };
		F020C4BD2B2B06FF00C54144 /* WhiskeyNoteEditView.swift */ = {isa = PBXFileReference; lastKnownFileType = sourcecode.swift; path = WhiskeyNoteEditView.swift; sourceTree = "<group>"; };
		F020C4C22B2C93E800C54144 /* Filter.swift */ = {isa = PBXFileReference; lastKnownFileType = sourcecode.swift; path = Filter.swift; sourceTree = "<group>"; };
		F020C4C42B2C944600C54144 /* FilterModel.swift */ = {isa = PBXFileReference; lastKnownFileType = sourcecode.swift; path = FilterModel.swift; sourceTree = "<group>"; };
		F02EED492B235173009AD6D1 /* WineNoteDetailView.swift */ = {isa = PBXFileReference; lastKnownFileType = sourcecode.swift; path = WineNoteDetailView.swift; sourceTree = "<group>"; };
		F04B4FC12B11A9530000047D /* User.swift */ = {isa = PBXFileReference; lastKnownFileType = sourcecode.swift; path = User.swift; sourceTree = "<group>"; };
		F04B4FC42B11AF190000047D /* CoffeeNote.swift */ = {isa = PBXFileReference; lastKnownFileType = sourcecode.swift; path = CoffeeNote.swift; sourceTree = "<group>"; };
		F04B4FC62B11AF210000047D /* CocktailNote.swift */ = {isa = PBXFileReference; lastKnownFileType = sourcecode.swift; path = CocktailNote.swift; sourceTree = "<group>"; };
		F07D515B2B20073F0059A62C /* UserView.swift */ = {isa = PBXFileReference; lastKnownFileType = sourcecode.swift; path = UserView.swift; sourceTree = "<group>"; };
		F0DCD1AD2B2498A600841A18 /* DeleteButton.swift */ = {isa = PBXFileReference; lastKnownFileType = sourcecode.swift; path = DeleteButton.swift; sourceTree = "<group>"; };
		F0DCD1AF2B2499DC00841A18 /* DeleteAlert.swift */ = {isa = PBXFileReference; lastKnownFileType = sourcecode.swift; path = DeleteAlert.swift; sourceTree = "<group>"; };
		F0DCD1B22B2574A100841A18 /* AddCocktailNoteView.swift */ = {isa = PBXFileReference; lastKnownFileType = sourcecode.swift; path = AddCocktailNoteView.swift; sourceTree = "<group>"; };
		F0DCD1B42B25750400841A18 /* CocktailNoteObservable.swift */ = {isa = PBXFileReference; lastKnownFileType = sourcecode.swift; path = CocktailNoteObservable.swift; sourceTree = "<group>"; };
		F0DCD1B82B2576CE00841A18 /* CocktailModel.swift */ = {isa = PBXFileReference; lastKnownFileType = sourcecode.swift; path = CocktailModel.swift; sourceTree = "<group>"; };
		F0DCD1BA2B28270100841A18 /* AddCocktailTasteView.swift */ = {isa = PBXFileReference; lastKnownFileType = sourcecode.swift; path = AddCocktailTasteView.swift; sourceTree = "<group>"; };
		F0DCD1BC2B2829D500841A18 /* AddCocktailThinkView.swift */ = {isa = PBXFileReference; lastKnownFileType = sourcecode.swift; path = AddCocktailThinkView.swift; sourceTree = "<group>"; };
		F0DCD1BE2B282F9200841A18 /* AddCocktailFactoryView.swift */ = {isa = PBXFileReference; lastKnownFileType = sourcecode.swift; path = AddCocktailFactoryView.swift; sourceTree = "<group>"; };
		F0DCD1C02B283B2000841A18 /* CocktailFactory.swift */ = {isa = PBXFileReference; lastKnownFileType = sourcecode.swift; path = CocktailFactory.swift; sourceTree = "<group>"; };
		F0DCD1C22B2885CC00841A18 /* CustomDivider.swift */ = {isa = PBXFileReference; lastKnownFileType = sourcecode.swift; path = CustomDivider.swift; sourceTree = "<group>"; };
		F0DCD1C62B28EB3800841A18 /* AddIngredientButton.swift */ = {isa = PBXFileReference; lastKnownFileType = sourcecode.swift; path = AddIngredientButton.swift; sourceTree = "<group>"; };
		F0DE9BD42B2420C0004A9621 /* RatingDisplay.swift */ = {isa = PBXFileReference; lastKnownFileType = sourcecode.swift; path = RatingDisplay.swift; sourceTree = "<group>"; };
		F0DE9BD62B24250E004A9621 /* WineNoteList.swift */ = {isa = PBXFileReference; lastKnownFileType = sourcecode.swift; path = WineNoteList.swift; sourceTree = "<group>"; };
		F0DE9BD82B2434B3004A9621 /* WineNoteEditView.swift */ = {isa = PBXFileReference; lastKnownFileType = sourcecode.swift; path = WineNoteEditView.swift; sourceTree = "<group>"; };
		F0DE9BDA2B243BBC004A9621 /* EditImagePicker.swift */ = {isa = PBXFileReference; lastKnownFileType = sourcecode.swift; path = EditImagePicker.swift; sourceTree = "<group>"; };
		F0DE9BDC2B245BC4004A9621 /* CameraPermissionAlert.swift */ = {isa = PBXFileReference; lastKnownFileType = sourcecode.swift; path = CameraPermissionAlert.swift; sourceTree = "<group>"; };
		F0DE9BDE2B245FA0004A9621 /* CoffeeNoteObservable.swift */ = {isa = PBXFileReference; lastKnownFileType = sourcecode.swift; path = CoffeeNoteObservable.swift; sourceTree = "<group>"; };
		F0DE9BE02B2460B7004A9621 /* CoffeeModel.swift */ = {isa = PBXFileReference; lastKnownFileType = sourcecode.swift; path = CoffeeModel.swift; sourceTree = "<group>"; };
		F0DE9BE32B246321004A9621 /* AddCoffeeNoteView.swift */ = {isa = PBXFileReference; lastKnownFileType = sourcecode.swift; path = AddCoffeeNoteView.swift; sourceTree = "<group>"; };
		F0DE9BE52B246401004A9621 /* AddCoffeeFlavorView.swift */ = {isa = PBXFileReference; lastKnownFileType = sourcecode.swift; path = AddCoffeeFlavorView.swift; sourceTree = "<group>"; };
		F0DE9BE72B2466A3004A9621 /* AddCoffeeTasteView.swift */ = {isa = PBXFileReference; lastKnownFileType = sourcecode.swift; path = AddCoffeeTasteView.swift; sourceTree = "<group>"; };
		F0DE9BE92B2466AF004A9621 /* AddCoffeeThinkView.swift */ = {isa = PBXFileReference; lastKnownFileType = sourcecode.swift; path = AddCoffeeThinkView.swift; sourceTree = "<group>"; };
		F0DE9BEC2B2475D9004A9621 /* CoffeeNoteList.swift */ = {isa = PBXFileReference; lastKnownFileType = sourcecode.swift; path = CoffeeNoteList.swift; sourceTree = "<group>"; };
		F0DE9BEE2B247719004A9621 /* CoffeeNoteView.swift */ = {isa = PBXFileReference; lastKnownFileType = sourcecode.swift; path = CoffeeNoteView.swift; sourceTree = "<group>"; };
		F0DE9BF02B247820004A9621 /* CoffeeNoteDetailView.swift */ = {isa = PBXFileReference; lastKnownFileType = sourcecode.swift; path = CoffeeNoteDetailView.swift; sourceTree = "<group>"; };
		F0DE9BF22B2479AE004A9621 /* CoffeeNoteEditView.swift */ = {isa = PBXFileReference; lastKnownFileType = sourcecode.swift; path = CoffeeNoteEditView.swift; sourceTree = "<group>"; };
		F0DE9BF52B2482BF004A9621 /* OnboardingView.swift */ = {isa = PBXFileReference; lastKnownFileType = sourcecode.swift; path = OnboardingView.swift; sourceTree = "<group>"; };
		F0F749202B31598A0045A9C2 /* InfoPlist.xcstrings */ = {isa = PBXFileReference; lastKnownFileType = text.json.xcstrings; name = InfoPlist.xcstrings; path = Source/View/Note/AddNote/InfoPlist.xcstrings; sourceTree = "<group>"; };
		F0FBBFF52B22F81400F513BC /* UserEditView.swift */ = {isa = PBXFileReference; lastKnownFileType = sourcecode.swift; path = UserEditView.swift; sourceTree = "<group>"; };
		F0FBBFF72B22FF3400F513BC /* UserDeleteAlert.swift */ = {isa = PBXFileReference; lastKnownFileType = sourcecode.swift; path = UserDeleteAlert.swift; sourceTree = "<group>"; };
		F0FBBFF92B2310F500F513BC /* WineNoteObservable.swift */ = {isa = PBXFileReference; lastKnownFileType = sourcecode.swift; path = WineNoteObservable.swift; sourceTree = "<group>"; };
		F0FBBFFB2B231D2100F513BC /* PreviewContainer.swift */ = {isa = PBXFileReference; lastKnownFileType = sourcecode.swift; path = PreviewContainer.swift; sourceTree = "<group>"; };
		F0FBBFFD2B2348C700F513BC /* WineNoteView.swift */ = {isa = PBXFileReference; lastKnownFileType = sourcecode.swift; path = WineNoteView.swift; sourceTree = "<group>"; };
/* End PBXFileReference section */

/* Begin PBXFrameworksBuildPhase section */
		299A911D2AF6AD6C00D9C2D1 /* Frameworks */ = {
			isa = PBXFrameworksBuildPhase;
			buildActionMask = 2147483647;
			files = (
			);
			runOnlyForDeploymentPostprocessing = 0;
		};
/* End PBXFrameworksBuildPhase section */

/* Begin PBXGroup section */
		291D2E202C69F98E00C767C2 /* Pretendard */ = {
			isa = PBXGroup;
			children = (
				291D2E232C69F9AA00C767C2 /* Pretendard-Black.otf */,
				291D2E242C69F9AA00C767C2 /* Pretendard-ExtraBold.otf */,
				291D2E222C69F9AA00C767C2 /* Pretendard-Bold.otf */,
				291D2E262C69F9AA00C767C2 /* Pretendard-SemiBold.otf */,
				291D2E252C69F9AA00C767C2 /* Pretendard-Medium.otf */,
				291D2E272C69F9AA00C767C2 /* Pretendard-Regular.otf */,
				291D2E312C69F9C600C767C2 /* Pretendard-Light.otf */,
				291D2E282C69F9AB00C767C2 /* Pretendard-ExtraLight.otf */,
				291D2E212C69F9AA00C767C2 /* Pretendard-Thin.otf */,
			);
			path = Pretendard;
			sourceTree = "<group>";
		};
		293BBF862B2999E40032138E /* CocktailNote */ = {
			isa = PBXGroup;
			children = (
				293BBF872B2999F80032138E /* CocktailNoteView.swift */,
				293BBF892B299D120032138E /* CocktailNoteList.swift */,
				293BBF8B2B299DC20032138E /* CocktailNoteDetailView.swift */,
				293BBF8F2B29A21D0032138E /* CocktailNoteEditView.swift */,
			);
			path = CocktailNote;
			sourceTree = "<group>";
		};
		29431F972AF8647B00BE17F1 /* Observable */ = {
			isa = PBXGroup;
			children = (
				29431F982AF8654300BE17F1 /* NoteEnvironment.swift */,
				F0FBBFF92B2310F500F513BC /* WineNoteObservable.swift */,
				F0DE9BDE2B245FA0004A9621 /* CoffeeNoteObservable.swift */,
				F0DCD1B42B25750400841A18 /* CocktailNoteObservable.swift */,
				F020C4A82B2AD4C000C54144 /* WhiskeyNoteObservable.swift */,
			);
			path = Observable;
			sourceTree = "<group>";
		};
		2949F28F2AFA5599005AFEFC /* AddWineNote */ = {
			isa = PBXGroup;
			children = (
				2921B0142B02673B00533A83 /* AddWineNoteView.swift */,
				293FD1F32AFB096000623B23 /* AddWineLookView.swift */,
				29BD870F2B0097580082241D /* AddWineSmellView.swift */,
				29BD87112B00AE3C0082241D /* AddWineTasteView.swift */,
				29BD87132B00AE9E0082241D /* AddWineThinkView.swift */,
			);
			path = AddWineNote;
			sourceTree = "<group>";
		};
		2949F2922AFA9576005AFEFC /* Model */ = {
			isa = PBXGroup;
			children = (
				29B388C02B02A9AB00E3942D /* Local */,
				29B388C12B02A9B200E3942D /* SwiftData */,
			);
			path = Model;
			sourceTree = "<group>";
		};
		299A91172AF6AD6C00D9C2D1 = {
			isa = PBXGroup;
			children = (
				291D2E332C6A103800C767C2 /* README.md */,
				299A91222AF6AD6C00D9C2D1 /* LookSmellTaste */,
				299A91212AF6AD6C00D9C2D1 /* Products */,
			);
			sourceTree = "<group>";
		};
		299A91212AF6AD6C00D9C2D1 /* Products */ = {
			isa = PBXGroup;
			children = (
				299A91202AF6AD6C00D9C2D1 /* LookSmellTaste.app */,
			);
			name = Products;
			sourceTree = "<group>";
		};
		299A91222AF6AD6C00D9C2D1 /* LookSmellTaste */ = {
			isa = PBXGroup;
			children = (
				299A91412AF6C07900D9C2D1 /* Info.plist */,
				F011045D2B2E97950051DDEB /* Localizable.xcstrings */,
				F0F749202B31598A0045A9C2 /* InfoPlist.xcstrings */,
				299A91362AF6BFAB00D9C2D1 /* Source */,
				299A91372AF6BFD900D9C2D1 /* Resource */,
				299A91292AF6AD6D00D9C2D1 /* Preview Content */,
			);
			path = LookSmellTaste;
			sourceTree = "<group>";
		};
		299A91292AF6AD6D00D9C2D1 /* Preview Content */ = {
			isa = PBXGroup;
			children = (
				299A912A2AF6AD6D00D9C2D1 /* Preview Assets.xcassets */,
				F0FBBFFB2B231D2100F513BC /* PreviewContainer.swift */,
			);
			path = "Preview Content";
			sourceTree = "<group>";
		};
		299A91352AF6B2BE00D9C2D1 /* View */ = {
			isa = PBXGroup;
			children = (
				F0DE9BF42B2482AF004A9621 /* Onboarding */,
				F003F5D72B12348D003D2499 /* User */,
				299A91542AF7217300D9C2D1 /* Note */,
				299A91492AF6C84100D9C2D1 /* Component */,
			);
			path = View;
			sourceTree = "<group>";
		};
		299A91362AF6BFAB00D9C2D1 /* Source */ = {
			isa = PBXGroup;
			children = (
				299A91232AF6AD6C00D9C2D1 /* LookSmellTasteApp.swift */,
				299A91252AF6AD6C00D9C2D1 /* ContentView.swift */,
				299A91352AF6B2BE00D9C2D1 /* View */,
				29431F972AF8647B00BE17F1 /* Observable */,
				299A91442AF6C20B00D9C2D1 /* Utility */,
				2949F2922AFA9576005AFEFC /* Model */,
			);
			path = Source;
			sourceTree = "<group>";
		};
		299A91372AF6BFD900D9C2D1 /* Resource */ = {
			isa = PBXGroup;
			children = (
				299A91382AF6BFED00D9C2D1 /* Font */,
				299A91272AF6AD6D00D9C2D1 /* Asset.xcassets */,
				299A91582AF744BB00D9C2D1 /* Color.xcassets */,
				299A915A2AF7451D00D9C2D1 /* Image.xcassets */,
			);
			path = Resource;
			sourceTree = "<group>";
		};
		299A91382AF6BFED00D9C2D1 /* Font */ = {
			isa = PBXGroup;
			children = (
				291D2E202C69F98E00C767C2 /* Pretendard */,
				299A913C2AF6C03800D9C2D1 /* GmarketSansTTFBold.ttf */,
				299A913B2AF6C03800D9C2D1 /* GmarketSansTTFLight.ttf */,
				299A913D2AF6C03800D9C2D1 /* GmarketSansTTFMedium.ttf */,
				299A91392AF6C00400D9C2D1 /* TossFaceFontMac.ttf */,
			);
			path = Font;
			sourceTree = "<group>";
		};
		299A91442AF6C20B00D9C2D1 /* Utility */ = {
			isa = PBXGroup;
			children = (
				299A91452AF6C21A00D9C2D1 /* Extension */,
				299A91502AF6E2F100D9C2D1 /* PreferenceKey.swift */,
				2990E4042AF9ACEF0001617A /* ButtonStyle.swift */,
				293FD1F52AFB40D500623B23 /* Haptic.swift */,
				29B388B32B027EDE00E3942D /* ImagePickerUI.swift */,
			);
			path = Utility;
			sourceTree = "<group>";
		};
		299A91452AF6C21A00D9C2D1 /* Extension */ = {
			isa = PBXGroup;
			children = (
				299A91422AF6C20300D9C2D1 /* FontExtension.swift */,
				299A91522AF71E9A00D9C2D1 /* ViewExtension.swift */,
				293FD1EF2AFAF98600623B23 /* UIScreenExtension.swift */,
			);
			path = Extension;
			sourceTree = "<group>";
		};
		299A91492AF6C84100D9C2D1 /* Component */ = {
			isa = PBXGroup;
			children = (
				29B388B92B0295D900E3942D /* Confetti */,
				F0DCD1C42B28EAF900841A18 /* Alert */,
				F0DCD1C52B28EB0B00841A18 /* Button */,
				F020C4B42B2AF74D00C54144 /* RadarChart */,
				F020C4BF2B2B259C00C54144 /* Rating */,
				299A914E2AF6DEC000D9C2D1 /* NavigationBar.swift */,
				2990E4012AF9A21E0001617A /* ContentUnavailable.swift */,
				29B388B12B0276D100E3942D /* ImagePicker.swift */,
				F0DE9BDA2B243BBC004A9621 /* EditImagePicker.swift */,
				29B388B72B028F0200E3942D /* PreparingContent.swift */,
				F0DCD1C02B283B2000841A18 /* CocktailFactory.swift */,
				F0DCD1C22B2885CC00841A18 /* CustomDivider.swift */,
				F020C4C22B2C93E800C54144 /* Filter.swift */,
			);
			path = Component;
			sourceTree = "<group>";
		};
		299A91542AF7217300D9C2D1 /* Note */ = {
			isa = PBXGroup;
			children = (
				299A91312AF6B1FF00D9C2D1 /* NoteView.swift */,
				F02EED482B23515F009AD6D1 /* WineNote */,
				F0DE9BEB2B2475CB004A9621 /* CoffeeNote */,
				293BBF862B2999E40032138E /* CocktailNote */,
				F020C4A02B2AD37300C54144 /* WhiskeyNote */,
				299A915C2AF74C6200D9C2D1 /* AddNote */,
			);
			path = Note;
			sourceTree = "<group>";
		};
		299A915C2AF74C6200D9C2D1 /* AddNote */ = {
			isa = PBXGroup;
			children = (
				299A915D2AF74C6F00D9C2D1 /* AddNoteView.swift */,
				29BD87152B00B0A30082241D /* AddNoteCompleteView.swift */,
				2949F28F2AFA5599005AFEFC /* AddWineNote */,
				F0DE9BE22B246304004A9621 /* AddCoffeeNote */,
				F0DCD1B12B25748A00841A18 /* AddCocktailNote */,
				F020C4A32B2AD41000C54144 /* AddWhiskeyNote */,
			);
			path = AddNote;
			sourceTree = "<group>";
		};
		29B388B92B0295D900E3942D /* Confetti */ = {
			isa = PBXGroup;
			children = (
				29B388BA2B0295E300E3942D /* Confetti.swift */,
				29B388BC2B0295FB00E3942D /* ConfettiShapes.swift */,
				29B388BE2B02963B00E3942D /* ConfettiSample.swift */,
			);
			path = Confetti;
			sourceTree = "<group>";
		};
		29B388C02B02A9AB00E3942D /* Local */ = {
			isa = PBXGroup;
			children = (
				29BD870D2B006DA90082241D /* NoteModel.swift */,
				2949F2932AFA9593005AFEFC /* WineModel.swift */,
				F0DE9BE02B2460B7004A9621 /* CoffeeModel.swift */,
				F0DCD1B82B2576CE00841A18 /* CocktailModel.swift */,
				F020C49E2B2ACF9500C54144 /* WhiskeyModel.swift */,
				F020C4C42B2C944600C54144 /* FilterModel.swift */,
			);
			path = Local;
			sourceTree = "<group>";
		};
		29B388C12B02A9B200E3942D /* SwiftData */ = {
			isa = PBXGroup;
			children = (
				F04B4FC12B11A9530000047D /* User.swift */,
				293FD1F72AFB426F00623B23 /* WineNote.swift */,
				F04B4FC42B11AF190000047D /* CoffeeNote.swift */,
				F04B4FC62B11AF210000047D /* CocktailNote.swift */,
				F020C4B72B2B04C900C54144 /* WhiskeyNote.swift */,
			);
			path = SwiftData;
			sourceTree = "<group>";
		};
		F003F5D72B12348D003D2499 /* User */ = {
			isa = PBXGroup;
			children = (
				F003F5D82B1234AC003D2499 /* SignInView.swift */,
				F003F5DA2B1318A6003D2499 /* ThumbnailPicker.swift */,
				F003F5DE2B13299E003D2499 /* SignInPermissionAlert.swift */,
				F07D515B2B20073F0059A62C /* UserView.swift */,
				F0FBBFF72B22FF3400F513BC /* UserDeleteAlert.swift */,
				F0FBBFF52B22F81400F513BC /* UserEditView.swift */,
			);
			path = User;
			sourceTree = "<group>";
		};
		F020C4A02B2AD37300C54144 /* WhiskeyNote */ = {
			isa = PBXGroup;
			children = (
				F020C4A12B2AD38700C54144 /* WhiskeyNoteView.swift */,
				F020C4B92B2B06E300C54144 /* WhiskeyNoteList.swift */,
				F020C4BB2B2B06F300C54144 /* WhiskeyNoteDetailView.swift */,
				F020C4BD2B2B06FF00C54144 /* WhiskeyNoteEditView.swift */,
			);
			path = WhiskeyNote;
			sourceTree = "<group>";
		};
		F020C4A32B2AD41000C54144 /* AddWhiskeyNote */ = {
			isa = PBXGroup;
			children = (
				F020C4A42B2AD42100C54144 /* AddWhiskeyNoteView.swift */,
				F020C4A62B2AD48200C54144 /* AddWhiskeyLookView.swift */,
				F020C4AC2B2AD9CF00C54144 /* AddWhiskeyFlavorView.swift */,
				F020C4AE2B2ADA2C00C54144 /* AddWhiskeyTasteView.swift */,
				F020C4AA2B2AD96600C54144 /* AddWhiskeyThinkView.swift */,
			);
			path = AddWhiskeyNote;
			sourceTree = "<group>";
		};
		F020C4B42B2AF74D00C54144 /* RadarChart */ = {
			isa = PBXGroup;
			children = (
				F020C4B52B2AF7A600C54144 /* PolygonChart.swift */,
				29BD87192B00F15D0082241D /* PentagonRadarChart.swift */,
				F020C4B22B2AF49900C54144 /* HexagonRadarChart.swift */,
			);
			path = RadarChart;
			sourceTree = "<group>";
		};
		F020C4BF2B2B259C00C54144 /* Rating */ = {
			isa = PBXGroup;
			children = (
				29BD87172B00BD8D0082241D /* Rating.swift */,
				F0DE9BD42B2420C0004A9621 /* RatingDisplay.swift */,
				293BBF8D2B29A0D50032138E /* RatingCircle.swift */,
			);
			path = Rating;
			sourceTree = "<group>";
		};
		F02EED482B23515F009AD6D1 /* WineNote */ = {
			isa = PBXGroup;
			children = (
				F0FBBFFD2B2348C700F513BC /* WineNoteView.swift */,
				F0DE9BD62B24250E004A9621 /* WineNoteList.swift */,
				F02EED492B235173009AD6D1 /* WineNoteDetailView.swift */,
				F0DE9BD82B2434B3004A9621 /* WineNoteEditView.swift */,
			);
			path = WineNote;
			sourceTree = "<group>";
		};
		F0DCD1B12B25748A00841A18 /* AddCocktailNote */ = {
			isa = PBXGroup;
			children = (
				F0DCD1B22B2574A100841A18 /* AddCocktailNoteView.swift */,
				F0DCD1BE2B282F9200841A18 /* AddCocktailFactoryView.swift */,
				F0DCD1BA2B28270100841A18 /* AddCocktailTasteView.swift */,
				F0DCD1BC2B2829D500841A18 /* AddCocktailThinkView.swift */,
			);
			path = AddCocktailNote;
			sourceTree = "<group>";
		};
		F0DCD1C42B28EAF900841A18 /* Alert */ = {
			isa = PBXGroup;
			children = (
				299A91692AF7BBF800D9C2D1 /* CloseAlert.swift */,
				F0DCD1AF2B2499DC00841A18 /* DeleteAlert.swift */,
				29B388B52B0281E700E3942D /* PermissionAlert.swift */,
				F0DE9BDC2B245BC4004A9621 /* CameraPermissionAlert.swift */,
			);
			path = Alert;
			sourceTree = "<group>";
		};
		F0DCD1C52B28EB0B00841A18 /* Button */ = {
			isa = PBXGroup;
			children = (
				F0DCD1AD2B2498A600841A18 /* DeleteButton.swift */,
				299A91612AF757F000D9C2D1 /* NextButton.swift */,
				299A91672AF7B93000D9C2D1 /* CloseButton.swift */,
				2990E4062AF9E11D0001617A /* AddNoteButton.swift */,
				F0DCD1C62B28EB3800841A18 /* AddIngredientButton.swift */,
				F020C4B02B2AEE6200C54144 /* SheetCloseButton.swift */,
			);
			path = Button;
			sourceTree = "<group>";
		};
		F0DE9BE22B246304004A9621 /* AddCoffeeNote */ = {
			isa = PBXGroup;
			children = (
				F0DE9BE32B246321004A9621 /* AddCoffeeNoteView.swift */,
				F0DE9BE52B246401004A9621 /* AddCoffeeFlavorView.swift */,
				F0DE9BE72B2466A3004A9621 /* AddCoffeeTasteView.swift */,
				F0DE9BE92B2466AF004A9621 /* AddCoffeeThinkView.swift */,
			);
			path = AddCoffeeNote;
			sourceTree = "<group>";
		};
		F0DE9BEB2B2475CB004A9621 /* CoffeeNote */ = {
			isa = PBXGroup;
			children = (
				F0DE9BEE2B247719004A9621 /* CoffeeNoteView.swift */,
				F0DE9BEC2B2475D9004A9621 /* CoffeeNoteList.swift */,
				F0DE9BF02B247820004A9621 /* CoffeeNoteDetailView.swift */,
				F0DE9BF22B2479AE004A9621 /* CoffeeNoteEditView.swift */,
			);
			path = CoffeeNote;
			sourceTree = "<group>";
		};
		F0DE9BF42B2482AF004A9621 /* Onboarding */ = {
			isa = PBXGroup;
			children = (
				F0DE9BF52B2482BF004A9621 /* OnboardingView.swift */,
			);
			path = Onboarding;
			sourceTree = "<group>";
		};
/* End PBXGroup section */

/* Begin PBXNativeTarget section */
		299A911F2AF6AD6C00D9C2D1 /* LookSmellTaste */ = {
			isa = PBXNativeTarget;
			buildConfigurationList = 299A912E2AF6AD6D00D9C2D1 /* Build configuration list for PBXNativeTarget "LookSmellTaste" */;
			buildPhases = (
				299A911C2AF6AD6C00D9C2D1 /* Sources */,
				299A911D2AF6AD6C00D9C2D1 /* Frameworks */,
				299A911E2AF6AD6C00D9C2D1 /* Resources */,
			);
			buildRules = (
			);
			dependencies = (
			);
			name = LookSmellTaste;
			productName = LookSmellTaste;
			productReference = 299A91202AF6AD6C00D9C2D1 /* LookSmellTaste.app */;
			productType = "com.apple.product-type.application";
		};
/* End PBXNativeTarget section */

/* Begin PBXProject section */
		299A91182AF6AD6C00D9C2D1 /* Project object */ = {
			isa = PBXProject;
			attributes = {
				BuildIndependentTargetsInParallel = 1;
				LastSwiftUpdateCheck = 1500;
				LastUpgradeCheck = 1510;
				TargetAttributes = {
					299A911F2AF6AD6C00D9C2D1 = {
						CreatedOnToolsVersion = 15.0.1;
					};
				};
			};
			buildConfigurationList = 299A911B2AF6AD6C00D9C2D1 /* Build configuration list for PBXProject "LookSmellTaste" */;
			compatibilityVersion = "Xcode 14.0";
			developmentRegion = ko;
			hasScannedForEncodings = 0;
			knownRegions = (
				en,
				Base,
				ko,
			);
			mainGroup = 299A91172AF6AD6C00D9C2D1;
			productRefGroup = 299A91212AF6AD6C00D9C2D1 /* Products */;
			projectDirPath = "";
			projectRoot = "";
			targets = (
				299A911F2AF6AD6C00D9C2D1 /* LookSmellTaste */,
			);
		};
/* End PBXProject section */

/* Begin PBXResourcesBuildPhase section */
		299A911E2AF6AD6C00D9C2D1 /* Resources */ = {
			isa = PBXResourcesBuildPhase;
			buildActionMask = 2147483647;
			files = (
				291D2E302C69F9AB00C767C2 /* Pretendard-ExtraLight.otf in Resources */,
				299A912B2AF6AD6D00D9C2D1 /* Preview Assets.xcassets in Resources */,
				291D2E342C6A103800C767C2 /* README.md in Resources */,
				291D2E2A2C69F9AB00C767C2 /* Pretendard-Bold.otf in Resources */,
				291D2E2C2C69F9AB00C767C2 /* Pretendard-ExtraBold.otf in Resources */,
				291D2E2E2C69F9AB00C767C2 /* Pretendard-SemiBold.otf in Resources */,
				299A913E2AF6C03800D9C2D1 /* GmarketSansTTFLight.ttf in Resources */,
				299A913A2AF6C00400D9C2D1 /* TossFaceFontMac.ttf in Resources */,
				299A91282AF6AD6D00D9C2D1 /* Asset.xcassets in Resources */,
				291D2E2B2C69F9AB00C767C2 /* Pretendard-Black.otf in Resources */,
				299A91592AF744BB00D9C2D1 /* Color.xcassets in Resources */,
				291D2E322C69F9C600C767C2 /* Pretendard-Light.otf in Resources */,
				299A915B2AF7451D00D9C2D1 /* Image.xcassets in Resources */,
				F0F749212B31598A0045A9C2 /* InfoPlist.xcstrings in Resources */,
				291D2E2F2C69F9AB00C767C2 /* Pretendard-Regular.otf in Resources */,
				299A913F2AF6C03800D9C2D1 /* GmarketSansTTFBold.ttf in Resources */,
				291D2E2D2C69F9AB00C767C2 /* Pretendard-Medium.otf in Resources */,
				299A91402AF6C03800D9C2D1 /* GmarketSansTTFMedium.ttf in Resources */,
				291D2E292C69F9AB00C767C2 /* Pretendard-Thin.otf in Resources */,
				F011045E2B2E97950051DDEB /* Localizable.xcstrings in Resources */,
			);
			runOnlyForDeploymentPostprocessing = 0;
		};
/* End PBXResourcesBuildPhase section */

/* Begin PBXSourcesBuildPhase section */
		299A911C2AF6AD6C00D9C2D1 /* Sources */ = {
			isa = PBXSourcesBuildPhase;
			buildActionMask = 2147483647;
			files = (
				F0DCD1C72B28EB3800841A18 /* AddIngredientButton.swift in Sources */,
				29B388B42B027EDE00E3942D /* ImagePickerUI.swift in Sources */,
				29BD87122B00AE3C0082241D /* AddWineTasteView.swift in Sources */,
				F020C4BA2B2B06E300C54144 /* WhiskeyNoteList.swift in Sources */,
				F0DE9BEF2B247719004A9621 /* CoffeeNoteView.swift in Sources */,
				29BD870E2B006DA90082241D /* NoteModel.swift in Sources */,
				F020C4AF2B2ADA2C00C54144 /* AddWhiskeyTasteView.swift in Sources */,
				F0DCD1C32B2885CC00841A18 /* CustomDivider.swift in Sources */,
				F020C4A92B2AD4C000C54144 /* WhiskeyNoteObservable.swift in Sources */,
				293FD1F82AFB426F00623B23 /* WineNote.swift in Sources */,
				F0DE9BE42B246321004A9621 /* AddCoffeeNoteView.swift in Sources */,
				F04B4FC52B11AF190000047D /* CoffeeNote.swift in Sources */,
				F0DE9BE82B2466A3004A9621 /* AddCoffeeTasteView.swift in Sources */,
				F020C4C32B2C93E800C54144 /* Filter.swift in Sources */,
				F020C4A52B2AD42100C54144 /* AddWhiskeyNoteView.swift in Sources */,
				2921B0152B02673B00533A83 /* AddWineNoteView.swift in Sources */,
				F0DCD1AE2B2498A600841A18 /* DeleteButton.swift in Sources */,
				293BBF8A2B299D120032138E /* CocktailNoteList.swift in Sources */,
				F020C4A22B2AD38700C54144 /* WhiskeyNoteView.swift in Sources */,
				F020C4BE2B2B06FF00C54144 /* WhiskeyNoteEditView.swift in Sources */,
				299A91512AF6E2F100D9C2D1 /* PreferenceKey.swift in Sources */,
				F0DE9BED2B2475D9004A9621 /* CoffeeNoteList.swift in Sources */,
				29BD871A2B00F15D0082241D /* PentagonRadarChart.swift in Sources */,
				29B388B62B0281E700E3942D /* PermissionAlert.swift in Sources */,
				F0DE9BF62B2482BF004A9621 /* OnboardingView.swift in Sources */,
				299A91432AF6C20300D9C2D1 /* FontExtension.swift in Sources */,
				293BBF8E2B29A0D50032138E /* RatingCircle.swift in Sources */,
				29BD87162B00B0A30082241D /* AddNoteCompleteView.swift in Sources */,
				2990E4022AF9A21E0001617A /* ContentUnavailable.swift in Sources */,
				F003F5DF2B13299E003D2499 /* SignInPermissionAlert.swift in Sources */,
				F07D515C2B20073F0059A62C /* UserView.swift in Sources */,
				F0DE9BD72B24250E004A9621 /* WineNoteList.swift in Sources */,
				F0DE9BF12B247820004A9621 /* CoffeeNoteDetailView.swift in Sources */,
				F003F5D92B1234AC003D2499 /* SignInView.swift in Sources */,
				F020C4BC2B2B06F300C54144 /* WhiskeyNoteDetailView.swift in Sources */,
				F020C4AB2B2AD96600C54144 /* AddWhiskeyThinkView.swift in Sources */,
				2990E4072AF9E11D0001617A /* AddNoteButton.swift in Sources */,
				29B388BB2B0295E300E3942D /* Confetti.swift in Sources */,
				F020C4C52B2C944600C54144 /* FilterModel.swift in Sources */,
				F0DCD1BF2B282F9200841A18 /* AddCocktailFactoryView.swift in Sources */,
				F0DE9BD52B2420C0004A9621 /* RatingDisplay.swift in Sources */,
				F020C4B12B2AEE6200C54144 /* SheetCloseButton.swift in Sources */,
				299A91262AF6AD6C00D9C2D1 /* ContentView.swift in Sources */,
				F020C4B82B2B04C900C54144 /* WhiskeyNote.swift in Sources */,
				29BD87142B00AE9E0082241D /* AddWineThinkView.swift in Sources */,
				F0DE9BEA2B2466AF004A9621 /* AddCoffeeThinkView.swift in Sources */,
				29B388BF2B02963B00E3942D /* ConfettiSample.swift in Sources */,
				F003F5DB2B1318A6003D2499 /* ThumbnailPicker.swift in Sources */,
				29B388BD2B0295FB00E3942D /* ConfettiShapes.swift in Sources */,
				F020C4AD2B2AD9CF00C54144 /* AddWhiskeyFlavorView.swift in Sources */,
				F0FBBFF82B22FF3400F513BC /* UserDeleteAlert.swift in Sources */,
				29B388B22B0276D100E3942D /* ImagePicker.swift in Sources */,
				F0DE9BE12B2460B7004A9621 /* CoffeeModel.swift in Sources */,
				299A91532AF71E9A00D9C2D1 /* ViewExtension.swift in Sources */,
				F0FBBFFE2B2348C700F513BC /* WineNoteView.swift in Sources */,
				F0DCD1B02B2499DC00841A18 /* DeleteAlert.swift in Sources */,
				29BD87182B00BD8D0082241D /* Rating.swift in Sources */,
				293FD1F02AFAF98600623B23 /* UIScreenExtension.swift in Sources */,
				F020C4B62B2AF7A600C54144 /* PolygonChart.swift in Sources */,
				F0DCD1BB2B28270100841A18 /* AddCocktailTasteView.swift in Sources */,
				293FD1F62AFB40D500623B23 /* Haptic.swift in Sources */,
				F0FBBFFA2B2310F500F513BC /* WineNoteObservable.swift in Sources */,
				F04B4FC72B11AF210000047D /* CocktailNote.swift in Sources */,
				299A914F2AF6DEC000D9C2D1 /* NavigationBar.swift in Sources */,
				2990E4052AF9ACEF0001617A /* ButtonStyle.swift in Sources */,
				F0FBBFFC2B231D2100F513BC /* PreviewContainer.swift in Sources */,
				F020C49F2B2ACF9500C54144 /* WhiskeyModel.swift in Sources */,
				F020C4B32B2AF49900C54144 /* HexagonRadarChart.swift in Sources */,
				29BD87102B0097580082241D /* AddWineSmellView.swift in Sources */,
				F020C4A72B2AD48200C54144 /* AddWhiskeyLookView.swift in Sources */,
				29B388B82B028F0200E3942D /* PreparingContent.swift in Sources */,
				293BBF902B29A21D0032138E /* CocktailNoteEditView.swift in Sources */,
				F0DCD1B52B25750400841A18 /* CocktailNoteObservable.swift in Sources */,
				F0DCD1C12B283B2000841A18 /* CocktailFactory.swift in Sources */,
				F0DCD1BD2B2829D500841A18 /* AddCocktailThinkView.swift in Sources */,
				F0DCD1B32B2574A100841A18 /* AddCocktailNoteView.swift in Sources */,
				299A916A2AF7BBF800D9C2D1 /* CloseAlert.swift in Sources */,
				293FD1F42AFB096000623B23 /* AddWineLookView.swift in Sources */,
				299A91682AF7B93000D9C2D1 /* CloseButton.swift in Sources */,
				299A91622AF757F000D9C2D1 /* NextButton.swift in Sources */,
				F0DE9BD92B2434B3004A9621 /* WineNoteEditView.swift in Sources */,
				299A91322AF6B1FF00D9C2D1 /* NoteView.swift in Sources */,
				F0DE9BDF2B245FA0004A9621 /* CoffeeNoteObservable.swift in Sources */,
				299A91242AF6AD6C00D9C2D1 /* LookSmellTasteApp.swift in Sources */,
				293BBF882B2999F80032138E /* CocktailNoteView.swift in Sources */,
				F0DCD1B92B2576CE00841A18 /* CocktailModel.swift in Sources */,
				F02EED4A2B235173009AD6D1 /* WineNoteDetailView.swift in Sources */,
				F04B4FC22B11A9530000047D /* User.swift in Sources */,
				2949F2942AFA9593005AFEFC /* WineModel.swift in Sources */,
				F0DE9BF32B2479AE004A9621 /* CoffeeNoteEditView.swift in Sources */,
				293BBF8C2B299DC20032138E /* CocktailNoteDetailView.swift in Sources */,
				29431F992AF8654300BE17F1 /* NoteEnvironment.swift in Sources */,
				F0DE9BDD2B245BC4004A9621 /* CameraPermissionAlert.swift in Sources */,
				299A915E2AF74C6F00D9C2D1 /* AddNoteView.swift in Sources */,
				F0FBBFF62B22F81400F513BC /* UserEditView.swift in Sources */,
				F0DE9BE62B246402004A9621 /* AddCoffeeFlavorView.swift in Sources */,
				F0DE9BDB2B243BBC004A9621 /* EditImagePicker.swift in Sources */,
			);
			runOnlyForDeploymentPostprocessing = 0;
		};
/* End PBXSourcesBuildPhase section */

/* Begin XCBuildConfiguration section */
		299A912C2AF6AD6D00D9C2D1 /* Debug */ = {
			isa = XCBuildConfiguration;
			buildSettings = {
				ALWAYS_SEARCH_USER_PATHS = NO;
				ASSETCATALOG_COMPILER_GENERATE_SWIFT_ASSET_SYMBOL_EXTENSIONS = YES;
				CLANG_ANALYZER_LOCALIZABILITY_NONLOCALIZED = YES;
				CLANG_ANALYZER_NONNULL = YES;
				CLANG_ANALYZER_NUMBER_OBJECT_CONVERSION = YES_AGGRESSIVE;
				CLANG_CXX_LANGUAGE_STANDARD = "gnu++20";
				CLANG_ENABLE_MODULES = YES;
				CLANG_ENABLE_OBJC_ARC = YES;
				CLANG_ENABLE_OBJC_WEAK = YES;
				CLANG_WARN_BLOCK_CAPTURE_AUTORELEASING = YES;
				CLANG_WARN_BOOL_CONVERSION = YES;
				CLANG_WARN_COMMA = YES;
				CLANG_WARN_CONSTANT_CONVERSION = YES;
				CLANG_WARN_DEPRECATED_OBJC_IMPLEMENTATIONS = YES;
				CLANG_WARN_DIRECT_OBJC_ISA_USAGE = YES_ERROR;
				CLANG_WARN_DOCUMENTATION_COMMENTS = YES;
				CLANG_WARN_EMPTY_BODY = YES;
				CLANG_WARN_ENUM_CONVERSION = YES;
				CLANG_WARN_INFINITE_RECURSION = YES;
				CLANG_WARN_INT_CONVERSION = YES;
				CLANG_WARN_NON_LITERAL_NULL_CONVERSION = YES;
				CLANG_WARN_OBJC_IMPLICIT_RETAIN_SELF = YES;
				CLANG_WARN_OBJC_LITERAL_CONVERSION = YES;
				CLANG_WARN_OBJC_ROOT_CLASS = YES_ERROR;
				CLANG_WARN_QUOTED_INCLUDE_IN_FRAMEWORK_HEADER = YES;
				CLANG_WARN_RANGE_LOOP_ANALYSIS = YES;
				CLANG_WARN_STRICT_PROTOTYPES = YES;
				CLANG_WARN_SUSPICIOUS_MOVE = YES;
				CLANG_WARN_UNGUARDED_AVAILABILITY = YES_AGGRESSIVE;
				CLANG_WARN_UNREACHABLE_CODE = YES;
				CLANG_WARN__DUPLICATE_METHOD_MATCH = YES;
				COPY_PHASE_STRIP = NO;
				DEBUG_INFORMATION_FORMAT = dwarf;
				ENABLE_STRICT_OBJC_MSGSEND = YES;
				ENABLE_TESTABILITY = YES;
				ENABLE_USER_SCRIPT_SANDBOXING = YES;
				GCC_C_LANGUAGE_STANDARD = gnu17;
				GCC_DYNAMIC_NO_PIC = NO;
				GCC_NO_COMMON_BLOCKS = YES;
				GCC_OPTIMIZATION_LEVEL = 0;
				GCC_PREPROCESSOR_DEFINITIONS = (
					"DEBUG=1",
					"$(inherited)",
				);
				GCC_WARN_64_TO_32_BIT_CONVERSION = YES;
				GCC_WARN_ABOUT_RETURN_TYPE = YES_ERROR;
				GCC_WARN_UNDECLARED_SELECTOR = YES;
				GCC_WARN_UNINITIALIZED_AUTOS = YES_AGGRESSIVE;
				GCC_WARN_UNUSED_FUNCTION = YES;
				GCC_WARN_UNUSED_VARIABLE = YES;
				IPHONEOS_DEPLOYMENT_TARGET = 17.0;
				LOCALIZATION_PREFERS_STRING_CATALOGS = YES;
				MTL_ENABLE_DEBUG_INFO = INCLUDE_SOURCE;
				MTL_FAST_MATH = YES;
				ONLY_ACTIVE_ARCH = YES;
				SDKROOT = iphoneos;
				SWIFT_ACTIVE_COMPILATION_CONDITIONS = "DEBUG $(inherited)";
				SWIFT_OPTIMIZATION_LEVEL = "-Onone";
			};
			name = Debug;
		};
		299A912D2AF6AD6D00D9C2D1 /* Release */ = {
			isa = XCBuildConfiguration;
			buildSettings = {
				ALWAYS_SEARCH_USER_PATHS = NO;
				ASSETCATALOG_COMPILER_GENERATE_SWIFT_ASSET_SYMBOL_EXTENSIONS = YES;
				CLANG_ANALYZER_LOCALIZABILITY_NONLOCALIZED = YES;
				CLANG_ANALYZER_NONNULL = YES;
				CLANG_ANALYZER_NUMBER_OBJECT_CONVERSION = YES_AGGRESSIVE;
				CLANG_CXX_LANGUAGE_STANDARD = "gnu++20";
				CLANG_ENABLE_MODULES = YES;
				CLANG_ENABLE_OBJC_ARC = YES;
				CLANG_ENABLE_OBJC_WEAK = YES;
				CLANG_WARN_BLOCK_CAPTURE_AUTORELEASING = YES;
				CLANG_WARN_BOOL_CONVERSION = YES;
				CLANG_WARN_COMMA = YES;
				CLANG_WARN_CONSTANT_CONVERSION = YES;
				CLANG_WARN_DEPRECATED_OBJC_IMPLEMENTATIONS = YES;
				CLANG_WARN_DIRECT_OBJC_ISA_USAGE = YES_ERROR;
				CLANG_WARN_DOCUMENTATION_COMMENTS = YES;
				CLANG_WARN_EMPTY_BODY = YES;
				CLANG_WARN_ENUM_CONVERSION = YES;
				CLANG_WARN_INFINITE_RECURSION = YES;
				CLANG_WARN_INT_CONVERSION = YES;
				CLANG_WARN_NON_LITERAL_NULL_CONVERSION = YES;
				CLANG_WARN_OBJC_IMPLICIT_RETAIN_SELF = YES;
				CLANG_WARN_OBJC_LITERAL_CONVERSION = YES;
				CLANG_WARN_OBJC_ROOT_CLASS = YES_ERROR;
				CLANG_WARN_QUOTED_INCLUDE_IN_FRAMEWORK_HEADER = YES;
				CLANG_WARN_RANGE_LOOP_ANALYSIS = YES;
				CLANG_WARN_STRICT_PROTOTYPES = YES;
				CLANG_WARN_SUSPICIOUS_MOVE = YES;
				CLANG_WARN_UNGUARDED_AVAILABILITY = YES_AGGRESSIVE;
				CLANG_WARN_UNREACHABLE_CODE = YES;
				CLANG_WARN__DUPLICATE_METHOD_MATCH = YES;
				COPY_PHASE_STRIP = NO;
				DEBUG_INFORMATION_FORMAT = "dwarf-with-dsym";
				ENABLE_NS_ASSERTIONS = NO;
				ENABLE_STRICT_OBJC_MSGSEND = YES;
				ENABLE_USER_SCRIPT_SANDBOXING = YES;
				GCC_C_LANGUAGE_STANDARD = gnu17;
				GCC_NO_COMMON_BLOCKS = YES;
				GCC_WARN_64_TO_32_BIT_CONVERSION = YES;
				GCC_WARN_ABOUT_RETURN_TYPE = YES_ERROR;
				GCC_WARN_UNDECLARED_SELECTOR = YES;
				GCC_WARN_UNINITIALIZED_AUTOS = YES_AGGRESSIVE;
				GCC_WARN_UNUSED_FUNCTION = YES;
				GCC_WARN_UNUSED_VARIABLE = YES;
				IPHONEOS_DEPLOYMENT_TARGET = 17.0;
				LOCALIZATION_PREFERS_STRING_CATALOGS = YES;
				MTL_ENABLE_DEBUG_INFO = NO;
				MTL_FAST_MATH = YES;
				SDKROOT = iphoneos;
				SWIFT_COMPILATION_MODE = wholemodule;
				VALIDATE_PRODUCT = YES;
			};
			name = Release;
		};
		299A912F2AF6AD6D00D9C2D1 /* Debug */ = {
			isa = XCBuildConfiguration;
			buildSettings = {
				ASSETCATALOG_COMPILER_APPICON_NAME = AppIcon;
				ASSETCATALOG_COMPILER_GLOBAL_ACCENT_COLOR_NAME = AccentColor;
				CODE_SIGN_ENTITLEMENTS = "";
				CODE_SIGN_STYLE = Automatic;
				CURRENT_PROJECT_VERSION = 1;
				DEVELOPMENT_ASSET_PATHS = "\"LookSmellTaste/Preview Content\"";
				DEVELOPMENT_TEAM = 77745NX67K;
				ENABLE_PREVIEWS = YES;
				GENERATE_INFOPLIST_FILE = YES;
				INFOPLIST_FILE = LookSmellTaste/Info.plist;
				INFOPLIST_KEY_CFBundleDisplayName = "테이스터";
				INFOPLIST_KEY_LSApplicationCategoryType = "public.app-category.food-and-drink";
				INFOPLIST_KEY_NSCameraUsageDescription = "특별한 순간을 사진으로 남겨보세요! 추가한 사진은 썸네일 이외의 용도로 사용되지 않아요.";
				INFOPLIST_KEY_NSPhotoLibraryUsageDescription = "특별한 순간을 사진으로 남겨보세요! 추가한 사진은 썸네일 이외의 용도로 사용되지 않아요.";
				INFOPLIST_KEY_UIApplicationSceneManifest_Generation = YES;
				INFOPLIST_KEY_UIApplicationSupportsIndirectInputEvents = YES;
				INFOPLIST_KEY_UILaunchScreen_Generation = YES;
				INFOPLIST_KEY_UISupportedInterfaceOrientations = UIInterfaceOrientationPortrait;
				INFOPLIST_KEY_UISupportedInterfaceOrientations_iPad = "UIInterfaceOrientationLandscapeLeft UIInterfaceOrientationLandscapeRight UIInterfaceOrientationPortrait UIInterfaceOrientationPortraitUpsideDown";
				LD_RUNPATH_SEARCH_PATHS = (
					"$(inherited)",
					"@executable_path/Frameworks",
				);
				MARKETING_VERSION = 1.3;
				PRODUCT_BUNDLE_IDENTIFIER = com.hyunjun.LookSmellTaste;
				PRODUCT_NAME = "$(TARGET_NAME)";
				SUPPORTED_PLATFORMS = "iphoneos iphonesimulator";
				SUPPORTS_MACCATALYST = NO;
				SUPPORTS_MAC_DESIGNED_FOR_IPHONE_IPAD = YES;
				SWIFT_EMIT_LOC_STRINGS = YES;
				SWIFT_VERSION = 5.0;
				TARGETED_DEVICE_FAMILY = 1;
			};
			name = Debug;
		};
		299A91302AF6AD6D00D9C2D1 /* Release */ = {
			isa = XCBuildConfiguration;
			buildSettings = {
				ASSETCATALOG_COMPILER_APPICON_NAME = AppIcon;
				ASSETCATALOG_COMPILER_GLOBAL_ACCENT_COLOR_NAME = AccentColor;
				CODE_SIGN_ENTITLEMENTS = "";
				CODE_SIGN_STYLE = Automatic;
				CURRENT_PROJECT_VERSION = 1;
				DEVELOPMENT_ASSET_PATHS = "\"LookSmellTaste/Preview Content\"";
				DEVELOPMENT_TEAM = 77745NX67K;
				ENABLE_PREVIEWS = YES;
				GENERATE_INFOPLIST_FILE = YES;
				INFOPLIST_FILE = LookSmellTaste/Info.plist;
				INFOPLIST_KEY_CFBundleDisplayName = "테이스터";
				INFOPLIST_KEY_LSApplicationCategoryType = "public.app-category.food-and-drink";
				INFOPLIST_KEY_NSCameraUsageDescription = "특별한 순간을 사진으로 남겨보세요! 추가한 사진은 썸네일 이외의 용도로 사용되지 않아요.";
				INFOPLIST_KEY_NSPhotoLibraryUsageDescription = "특별한 순간을 사진으로 남겨보세요! 추가한 사진은 썸네일 이외의 용도로 사용되지 않아요.";
				INFOPLIST_KEY_UIApplicationSceneManifest_Generation = YES;
				INFOPLIST_KEY_UIApplicationSupportsIndirectInputEvents = YES;
				INFOPLIST_KEY_UILaunchScreen_Generation = YES;
				INFOPLIST_KEY_UISupportedInterfaceOrientations = UIInterfaceOrientationPortrait;
				INFOPLIST_KEY_UISupportedInterfaceOrientations_iPad = "UIInterfaceOrientationLandscapeLeft UIInterfaceOrientationLandscapeRight UIInterfaceOrientationPortrait UIInterfaceOrientationPortraitUpsideDown";
				LD_RUNPATH_SEARCH_PATHS = (
					"$(inherited)",
					"@executable_path/Frameworks",
				);
				MARKETING_VERSION = 1.3;
				PRODUCT_BUNDLE_IDENTIFIER = com.hyunjun.LookSmellTaste;
				PRODUCT_NAME = "$(TARGET_NAME)";
				SUPPORTED_PLATFORMS = "iphoneos iphonesimulator";
				SUPPORTS_MACCATALYST = NO;
				SUPPORTS_MAC_DESIGNED_FOR_IPHONE_IPAD = YES;
				SWIFT_EMIT_LOC_STRINGS = YES;
				SWIFT_VERSION = 5.0;
				TARGETED_DEVICE_FAMILY = 1;
			};
			name = Release;
		};
/* End XCBuildConfiguration section */

/* Begin XCConfigurationList section */
		299A911B2AF6AD6C00D9C2D1 /* Build configuration list for PBXProject "LookSmellTaste" */ = {
			isa = XCConfigurationList;
			buildConfigurations = (
				299A912C2AF6AD6D00D9C2D1 /* Debug */,
				299A912D2AF6AD6D00D9C2D1 /* Release */,
			);
			defaultConfigurationIsVisible = 0;
			defaultConfigurationName = Release;
		};
		299A912E2AF6AD6D00D9C2D1 /* Build configuration list for PBXNativeTarget "LookSmellTaste" */ = {
			isa = XCConfigurationList;
			buildConfigurations = (
				299A912F2AF6AD6D00D9C2D1 /* Debug */,
				299A91302AF6AD6D00D9C2D1 /* Release */,
			);
			defaultConfigurationIsVisible = 0;
			defaultConfigurationName = Release;
		};
/* End XCConfigurationList section */
	};
	rootObject = 299A91182AF6AD6C00D9C2D1 /* Project object */;
}
